// !$*UTF8*$!
{
	archiveVersion = 1;
	classes = {
	};
	objectVersion = 46;
	objects = {

/* Begin PBXBuildFile section */
		49090A4415D10C9D0060A82A /* MainStoryboard_iPad.storyboard in Resources */ = {isa = PBXBuildFile; fileRef = 49090A4015D10C9D0060A82A /* MainStoryboard_iPad.storyboard */; };
		49090A4515D10C9D0060A82A /* MainStoryboard_iPhone.storyboard in Resources */ = {isa = PBXBuildFile; fileRef = 49090A4215D10C9D0060A82A /* MainStoryboard_iPhone.storyboard */; };
		490D3C7115A2B782006A7FD3 /* InfoPlist.strings in Resources */ = {isa = PBXBuildFile; fileRef = 493BB48E159C7EAC00E99887 /* InfoPlist.strings */; };
		4912EBAE159C8745000D469C /* DCCrossHairView.m in Sources */ = {isa = PBXBuildFile; fileRef = 4912EBA6159C8745000D469C /* DCCrossHairView.m */; settings = {COMPILER_FLAGS = "-fno-objc-arc"; }; };
		4912EBAF159C8745000D469C /* DCFrameView.m in Sources */ = {isa = PBXBuildFile; fileRef = 4912EBA8159C8745000D469C /* DCFrameView.m */; settings = {COMPILER_FLAGS = "-fno-objc-arc"; }; };
		4912EBB0159C8745000D469C /* DCIntrospect.m in Sources */ = {isa = PBXBuildFile; fileRef = 4912EBAA159C8745000D469C /* DCIntrospect.m */; settings = {COMPILER_FLAGS = "-fno-objc-arc"; }; };
		4912EBB1159C8745000D469C /* DCStatusBarOverlay.m in Sources */ = {isa = PBXBuildFile; fileRef = 4912EBAD159C8745000D469C /* DCStatusBarOverlay.m */; settings = {COMPILER_FLAGS = "-fno-objc-arc"; }; };
		4912EBF6159D700A000D469C /* libTestFlight.a in Frameworks */ = {isa = PBXBuildFile; fileRef = 4912EBF2159D700A000D469C /* libTestFlight.a */; };
		4912EBF7159D700A000D469C /* README.txt in Resources */ = {isa = PBXBuildFile; fileRef = 4912EBF3159D700A000D469C /* README.txt */; };
		4912EBF8159D700A000D469C /* release_notes.txt in Resources */ = {isa = PBXBuildFile; fileRef = 4912EBF4159D700A000D469C /* release_notes.txt */; };
		49203C4815B4ECA60047A757 /* Toast+UIView.m in Sources */ = {isa = PBXBuildFile; fileRef = 49203C4715B4ECA60047A757 /* Toast+UIView.m */; };
		49203C4915B4ECA60047A757 /* Toast+UIView.m in Sources */ = {isa = PBXBuildFile; fileRef = 49203C4715B4ECA60047A757 /* Toast+UIView.m */; };
		49203C7015B4F1310047A757 /* cry.png in Resources */ = {isa = PBXBuildFile; fileRef = 49203C6F15B4F1310047A757 /* cry.png */; };
		4930BB4915D3974000AE6256 /* DoubanAuthorizationViewController.m in Sources */ = {isa = PBXBuildFile; fileRef = 4930BB4815D3974000AE6256 /* DoubanAuthorizationViewController.m */; };
		4930BB4A15D3974000AE6256 /* DoubanAuthorizationViewController.m in Sources */ = {isa = PBXBuildFile; fileRef = 4930BB4815D3974000AE6256 /* DoubanAuthorizationViewController.m */; };
		493FC5A11591A9B900652D98 /* NSString+Additions.m in Sources */ = {isa = PBXBuildFile; fileRef = 49ED10FF15917A890092CF9D /* NSString+Additions.m */; };
		4946A5D415A4570300C16C87 /* MyContactController.m in Sources */ = {isa = PBXBuildFile; fileRef = 4946A5D315A4570300C16C87 /* MyContactController.m */; };
		4946A64915A465D100C16C87 /* MyTableViewController.m in Sources */ = {isa = PBXBuildFile; fileRef = 4946A64815A465D100C16C87 /* MyTableViewController.m */; };
		4946A68715A46D6000C16C87 /* TWImageView+Additions.m in Sources */ = {isa = PBXBuildFile; fileRef = 4946A68615A46D6000C16C87 /* TWImageView+Additions.m */; };
		4948F7EB15D12C7800C15C23 /* WheelView.m in Sources */ = {isa = PBXBuildFile; fileRef = 4948F7E815D12C7800C15C23 /* WheelView.m */; };
		4948F7EC15D12C7800C15C23 /* WheelView.m in Sources */ = {isa = PBXBuildFile; fileRef = 4948F7E815D12C7800C15C23 /* WheelView.m */; };
		4948F7ED15D12C7800C15C23 /* WheelViewCell.m in Sources */ = {isa = PBXBuildFile; fileRef = 4948F7EA15D12C7800C15C23 /* WheelViewCell.m */; };
		4948F7EE15D12C7800C15C23 /* WheelViewCell.m in Sources */ = {isa = PBXBuildFile; fileRef = 4948F7EA15D12C7800C15C23 /* WheelViewCell.m */; };
		4948F7F215D12D8B00C15C23 /* RootViewController_iPad.m in Sources */ = {isa = PBXBuildFile; fileRef = 4948F7F115D12D8B00C15C23 /* RootViewController_iPad.m */; };
		4948F7F315D12D8B00C15C23 /* RootViewController_iPad.m in Sources */ = {isa = PBXBuildFile; fileRef = 4948F7F115D12D8B00C15C23 /* RootViewController_iPad.m */; };
		4948F7F615D12DC900C15C23 /* SpinGestureRecognizer.m in Sources */ = {isa = PBXBuildFile; fileRef = 4948F7F515D12DC900C15C23 /* SpinGestureRecognizer.m */; };
		4948F7F715D12DC900C15C23 /* SpinGestureRecognizer.m in Sources */ = {isa = PBXBuildFile; fileRef = 4948F7F515D12DC900C15C23 /* SpinGestureRecognizer.m */; };
		4948F7FA15D12F4900C15C23 /* GlobalConfig.m in Sources */ = {isa = PBXBuildFile; fileRef = 4948F7F915D12F4900C15C23 /* GlobalConfig.m */; };
		4948F7FB15D12F4900C15C23 /* GlobalConfig.m in Sources */ = {isa = PBXBuildFile; fileRef = 4948F7F915D12F4900C15C23 /* GlobalConfig.m */; };
		494976A715D1ED9500D44383 /* tags.txt in Resources */ = {isa = PBXBuildFile; fileRef = 494976A615D1ED9500D44383 /* tags.txt */; };
		4950F75215AA959000190D85 /* libBox2D.a in Frameworks */ = {isa = PBXBuildFile; fileRef = 4950F74915AA93E100190D85 /* libBox2D.a */; };
		4950F75315AA988200190D85 /* BookDetailsController.m in Sources */ = {isa = PBXBuildFile; fileRef = 494C00DE15A34F59002572F2 /* BookDetailsController.m */; };
		4954B8D515AD13A500FF2424 /* RootControllerSpec.mm in Sources */ = {isa = PBXBuildFile; fileRef = 4954B8D415AD13A500FF2424 /* RootControllerSpec.mm */; settings = {COMPILER_FLAGS = "-fno-objc-arc"; }; };
		4954B8D615AD153400FF2424 /* RootController.mm in Sources */ = {isa = PBXBuildFile; fileRef = 4979473A15A1CADF00DA964E /* RootController.mm */; settings = {COMPILER_FLAGS = "-fno-objc-arc"; }; };
		4954B8D715AD153A00FF2424 /* SearchViewController.mm in Sources */ = {isa = PBXBuildFile; fileRef = 49A1310E15A67BD400C7CACE /* SearchViewController.mm */; settings = {COMPILER_FLAGS = "-fno-objc-arc"; }; };
		4954B8D815AD172700FF2424 /* SearchViewLayer.mm in Sources */ = {isa = PBXBuildFile; fileRef = 49A131AB15A67E5D00C7CACE /* SearchViewLayer.mm */; settings = {COMPILER_FLAGS = "-fno-objc-arc"; }; };
		4954B8D915AD172B00FF2424 /* GLES-Render.mm in Sources */ = {isa = PBXBuildFile; fileRef = 49A1343F15A68D1A00C7CACE /* GLES-Render.mm */; settings = {COMPILER_FLAGS = "-fno-objc-arc"; }; };
		4954B8DA15AD173000FF2424 /* EGORefreshTableHeaderView.m in Sources */ = {isa = PBXBuildFile; fileRef = 49BE40B915AC00A0002161A8 /* EGORefreshTableHeaderView.m */; settings = {COMPILER_FLAGS = "-fno-objc-arc"; }; };
		4954B8DD15AD176A00FF2424 /* libcocos2d.a in Frameworks */ = {isa = PBXBuildFile; fileRef = 49A56CEB15A678480057D161 /* libcocos2d.a */; };
		4954B8E015AD177A00FF2424 /* libBox2D.a in Frameworks */ = {isa = PBXBuildFile; fileRef = 4950F74915AA93E100190D85 /* libBox2D.a */; };
		4954B8FF15AD1C8200FF2424 /* MyTableViewController.m in Sources */ = {isa = PBXBuildFile; fileRef = 4946A64815A465D100C16C87 /* MyTableViewController.m */; };
		4954B90115AD1C8800FF2424 /* MyBookController.m in Sources */ = {isa = PBXBuildFile; fileRef = 49BCF6AA1592BDC1005DD14E /* MyBookController.m */; };
		4954B90215AD1C8E00FF2424 /* BookDetailsController.m in Sources */ = {isa = PBXBuildFile; fileRef = 494C00DE15A34F59002572F2 /* BookDetailsController.m */; };
		4954B90315AD1C9300FF2424 /* MyContactController.m in Sources */ = {isa = PBXBuildFile; fileRef = 4946A5D315A4570300C16C87 /* MyContactController.m */; };
		4954B90415AD1D2100FF2424 /* NSArray+Additions.m in Sources */ = {isa = PBXBuildFile; fileRef = 49BCF6C21592CA22005DD14E /* NSArray+Additions.m */; };
		49703EAE15985AF7004CA5E9 /* DoubanService.m in Sources */ = {isa = PBXBuildFile; fileRef = 49703EAD15985AF7004CA5E9 /* DoubanService.m */; };
		497489B315AC2FAE00CDE0C4 /* people_entry.xml in Resources */ = {isa = PBXBuildFile; fileRef = 497489B215AC2FAE00CDE0C4 /* people_entry.xml */; };
		497489B515AC2FBC00CDE0C4 /* UserSpec.m in Sources */ = {isa = PBXBuildFile; fileRef = 497489B415AC2FBC00CDE0C4 /* UserSpec.m */; };
		497489B915AC301300CDE0C4 /* User.m in Sources */ = {isa = PBXBuildFile; fileRef = 49A5FC35159C76E40092C640 /* User.m */; };
		497489BA15AC301600CDE0C4 /* Book.m in Sources */ = {isa = PBXBuildFile; fileRef = 49BE40AF15ABC7EB002161A8 /* Book.m */; };
		497489BC15AC306A00CDE0C4 /* CFNetwork.framework in Frameworks */ = {isa = PBXBuildFile; fileRef = 49ED10E615916C2E0092CF9D /* CFNetwork.framework */; };
		497489BD15AC307A00CDE0C4 /* SenTestingKit.framework in Frameworks */ = {isa = PBXBuildFile; fileRef = 49ED10EE15916C5C0092CF9D /* SenTestingKit.framework */; };
		497489BE15AC308900CDE0C4 /* CoreGraphics.framework in Frameworks */ = {isa = PBXBuildFile; fileRef = 49ED10AA159072A30092CF9D /* CoreGraphics.framework */; };
		497489BF15AC309900CDE0C4 /* libz.dylib in Frameworks */ = {isa = PBXBuildFile; fileRef = 49ED10E415916C220092CF9D /* libz.dylib */; };
		497489C015AC30A100CDE0C4 /* libxml2.dylib in Frameworks */ = {isa = PBXBuildFile; fileRef = 49ED10E215916C180092CF9D /* libxml2.dylib */; };
		497489C115AC30F300CDE0C4 /* AVFoundation.framework in Frameworks */ = {isa = PBXBuildFile; fileRef = 49A1343C15A68C3D00C7CACE /* AVFoundation.framework */; };
		497489C215AC310000CDE0C4 /* QuartzCore.framework in Frameworks */ = {isa = PBXBuildFile; fileRef = 4998957515998E8A0048B5B3 /* QuartzCore.framework */; };
		497489C315AC310D00CDE0C4 /* OpenAL.framework in Frameworks */ = {isa = PBXBuildFile; fileRef = 49A1343815A68C0400C7CACE /* OpenAL.framework */; };
		497489C415AC310D00CDE0C4 /* OpenGLES.framework in Frameworks */ = {isa = PBXBuildFile; fileRef = 497796E815A534BF00C8DEE0 /* OpenGLES.framework */; };
		497489C515AC311A00CDE0C4 /* MobileCoreServices.framework in Frameworks */ = {isa = PBXBuildFile; fileRef = 49ED10EC15916C4B0092CF9D /* MobileCoreServices.framework */; };
		497489C615AC312700CDE0C4 /* SystemConfiguration.framework in Frameworks */ = {isa = PBXBuildFile; fileRef = 49ED10EA15916C3D0092CF9D /* SystemConfiguration.framework */; };
		497489C715AC31DD00CDE0C4 /* Security.framework in Frameworks */ = {isa = PBXBuildFile; fileRef = 49ED10E815916C360092CF9D /* Security.framework */; };
		497489C815AC31F200CDE0C4 /* AudioToolbox.framework in Frameworks */ = {isa = PBXBuildFile; fileRef = 49A1343A15A68C2E00C7CACE /* AudioToolbox.framework */; };
		497489C915AC322A00CDE0C4 /* libc++.dylib in Frameworks */ = {isa = PBXBuildFile; fileRef = 497796EA15A53C3100C8DEE0 /* libc++.dylib */; };
		497796EB15A53C3100C8DEE0 /* libc++.dylib in Frameworks */ = {isa = PBXBuildFile; fileRef = 497796EA15A53C3100C8DEE0 /* libc++.dylib */; };
		4979473B15A1CADF00DA964E /* RootController.mm in Sources */ = {isa = PBXBuildFile; fileRef = 4979473A15A1CADF00DA964E /* RootController.mm */; };
		49A1310F15A67BD400C7CACE /* SearchViewController.mm in Sources */ = {isa = PBXBuildFile; fileRef = 49A1310E15A67BD400C7CACE /* SearchViewController.mm */; settings = {COMPILER_FLAGS = "-fno-objc-arc"; }; };
		49A131AC15A67E5D00C7CACE /* SearchViewLayer.mm in Sources */ = {isa = PBXBuildFile; fileRef = 49A131AB15A67E5D00C7CACE /* SearchViewLayer.mm */; settings = {COMPILER_FLAGS = "-fno-objc-arc"; }; };
		49A1341915A6848700C7CACE /* libcocos2d.a in Frameworks */ = {isa = PBXBuildFile; fileRef = 49A56CEB15A678480057D161 /* libcocos2d.a */; };
		49A1342215A684F100C7CACE /* libcocos Live.a in Frameworks */ = {isa = PBXBuildFile; fileRef = 49A56CF115A678480057D161 /* libcocos Live.a */; };
		49A1342315A684F100C7CACE /* libCocosDenshion.a in Frameworks */ = {isa = PBXBuildFile; fileRef = 49A56CEF15A678480057D161 /* libCocosDenshion.a */; };
		49A1343715A68BA300C7CACE /* OpenGLES.framework in Frameworks */ = {isa = PBXBuildFile; fileRef = 497796E815A534BF00C8DEE0 /* OpenGLES.framework */; };
		49A1343915A68C0400C7CACE /* OpenAL.framework in Frameworks */ = {isa = PBXBuildFile; fileRef = 49A1343815A68C0400C7CACE /* OpenAL.framework */; };
		49A1343B15A68C2E00C7CACE /* AudioToolbox.framework in Frameworks */ = {isa = PBXBuildFile; fileRef = 49A1343A15A68C2E00C7CACE /* AudioToolbox.framework */; };
		49A1343D15A68C3D00C7CACE /* AVFoundation.framework in Frameworks */ = {isa = PBXBuildFile; fileRef = 49A1343C15A68C3D00C7CACE /* AVFoundation.framework */; };
		49A1344115A68EF200C7CACE /* GLES-Render.mm in Sources */ = {isa = PBXBuildFile; fileRef = 49A1343F15A68D1A00C7CACE /* GLES-Render.mm */; settings = {COMPILER_FLAGS = "-fno-objc-arc"; }; };
		49A1344215A6915F00C7CACE /* libvorbis.a in Frameworks */ = {isa = PBXBuildFile; fileRef = 49A56CF915A678480057D161 /* libvorbis.a */; };
		49A5FC32159C76870092C640 /* QuartzCore.framework in Frameworks */ = {isa = PBXBuildFile; fileRef = 4998957515998E8A0048B5B3 /* QuartzCore.framework */; };
		49A5FC36159C76E40092C640 /* User.m in Sources */ = {isa = PBXBuildFile; fileRef = 49A5FC35159C76E40092C640 /* User.m */; };
		49A5FC39159C76ED0092C640 /* IntrospectManager.m in Sources */ = {isa = PBXBuildFile; fileRef = 49A5FC38159C76ED0092C640 /* IntrospectManager.m */; };
		49A5FC63159C7B3A0092C640 /* UIKit.framework in Frameworks */ = {isa = PBXBuildFile; fileRef = 49ED10A6159072A30092CF9D /* UIKit.framework */; };
		49A5FC64159C7B3A0092C640 /* Foundation.framework in Frameworks */ = {isa = PBXBuildFile; fileRef = 49ED10A8159072A30092CF9D /* Foundation.framework */; };
		49A5FC74159C7BC30092C640 /* libKiwi.a in Frameworks */ = {isa = PBXBuildFile; fileRef = 49A5FC55159C7A4C0092C640 /* libKiwi.a */; };
		49B9D77B15A1843500B4C734 /* AFHTTPClient.m in Sources */ = {isa = PBXBuildFile; fileRef = 49B9D76715A1843500B4C734 /* AFHTTPClient.m */; settings = {COMPILER_FLAGS = "-fno-objc-arc"; }; };
		49B9D77C15A1843500B4C734 /* AFHTTPRequestOperation.m in Sources */ = {isa = PBXBuildFile; fileRef = 49B9D76915A1843500B4C734 /* AFHTTPRequestOperation.m */; settings = {COMPILER_FLAGS = "-fno-objc-arc"; }; };
		49B9D77D15A1843500B4C734 /* AFImageRequestOperation.m in Sources */ = {isa = PBXBuildFile; fileRef = 49B9D76B15A1843500B4C734 /* AFImageRequestOperation.m */; settings = {COMPILER_FLAGS = "-fno-objc-arc"; }; };
		49B9D77E15A1843500B4C734 /* AFJSONRequestOperation.m in Sources */ = {isa = PBXBuildFile; fileRef = 49B9D76D15A1843500B4C734 /* AFJSONRequestOperation.m */; settings = {COMPILER_FLAGS = "-fno-objc-arc"; }; };
		49B9D77F15A1843500B4C734 /* AFJSONUtilities.m in Sources */ = {isa = PBXBuildFile; fileRef = 49B9D76F15A1843500B4C734 /* AFJSONUtilities.m */; settings = {COMPILER_FLAGS = "-fno-objc-arc"; }; };
		49B9D78015A1843500B4C734 /* AFNetworkActivityIndicatorManager.m in Sources */ = {isa = PBXBuildFile; fileRef = 49B9D77115A1843500B4C734 /* AFNetworkActivityIndicatorManager.m */; settings = {COMPILER_FLAGS = "-fno-objc-arc"; }; };
		49B9D78115A1843500B4C734 /* AFPropertyListRequestOperation.m in Sources */ = {isa = PBXBuildFile; fileRef = 49B9D77415A1843500B4C734 /* AFPropertyListRequestOperation.m */; settings = {COMPILER_FLAGS = "-fno-objc-arc"; }; };
		49B9D78215A1843500B4C734 /* AFURLConnectionOperation.m in Sources */ = {isa = PBXBuildFile; fileRef = 49B9D77615A1843500B4C734 /* AFURLConnectionOperation.m */; settings = {COMPILER_FLAGS = "-fno-objc-arc"; }; };
		49B9D78315A1843500B4C734 /* AFXMLRequestOperation.m in Sources */ = {isa = PBXBuildFile; fileRef = 49B9D77815A1843500B4C734 /* AFXMLRequestOperation.m */; settings = {COMPILER_FLAGS = "-fno-objc-arc"; }; };
		49B9D78415A1843500B4C734 /* UIImageView+AFNetworking.m in Sources */ = {isa = PBXBuildFile; fileRef = 49B9D77A15A1843500B4C734 /* UIImageView+AFNetworking.m */; settings = {COMPILER_FLAGS = "-fno-objc-arc"; }; };
		49BCF6AB1592BDC1005DD14E /* MyBookController.m in Sources */ = {isa = PBXBuildFile; fileRef = 49BCF6AA1592BDC1005DD14E /* MyBookController.m */; };
		49BCF6C31592CA22005DD14E /* NSArray+Additions.m in Sources */ = {isa = PBXBuildFile; fileRef = 49BCF6C21592CA22005DD14E /* NSArray+Additions.m */; };
		49BE40B015ABC7EB002161A8 /* Book.m in Sources */ = {isa = PBXBuildFile; fileRef = 49BE40AF15ABC7EB002161A8 /* Book.m */; };
		49BE40BA15AC00A0002161A8 /* EGORefreshTableHeaderView.m in Sources */ = {isa = PBXBuildFile; fileRef = 49BE40B915AC00A0002161A8 /* EGORefreshTableHeaderView.m */; settings = {COMPILER_FLAGS = "-fno-objc-arc"; }; };
		49BE40C315AC00C3002161A8 /* blackArrow.png in Resources */ = {isa = PBXBuildFile; fileRef = 49BE40BB15AC00C3002161A8 /* blackArrow.png */; };
		49BE40C415AC00C3002161A8 /* blackArrow@2x.png in Resources */ = {isa = PBXBuildFile; fileRef = 49BE40BC15AC00C3002161A8 /* blackArrow@2x.png */; };
		49BE40C515AC00C3002161A8 /* blueArrow.png in Resources */ = {isa = PBXBuildFile; fileRef = 49BE40BD15AC00C3002161A8 /* blueArrow.png */; };
		49BE40C615AC00C3002161A8 /* blueArrow@2x.png in Resources */ = {isa = PBXBuildFile; fileRef = 49BE40BE15AC00C3002161A8 /* blueArrow@2x.png */; };
		49BE40C715AC00C3002161A8 /* grayArrow.png in Resources */ = {isa = PBXBuildFile; fileRef = 49BE40BF15AC00C3002161A8 /* grayArrow.png */; };
		49BE40C815AC00C3002161A8 /* grayArrow@2x.png in Resources */ = {isa = PBXBuildFile; fileRef = 49BE40C015AC00C3002161A8 /* grayArrow@2x.png */; };
		49BE40C915AC00C3002161A8 /* whiteArrow.png in Resources */ = {isa = PBXBuildFile; fileRef = 49BE40C115AC00C3002161A8 /* whiteArrow.png */; };
		49BE40CA15AC00C3002161A8 /* whiteArrow@2x.png in Resources */ = {isa = PBXBuildFile; fileRef = 49BE40C215AC00C3002161A8 /* whiteArrow@2x.png */; };
		49ED10A7159072A30092CF9D /* UIKit.framework in Frameworks */ = {isa = PBXBuildFile; fileRef = 49ED10A6159072A30092CF9D /* UIKit.framework */; };
		49ED10A9159072A30092CF9D /* Foundation.framework in Frameworks */ = {isa = PBXBuildFile; fileRef = 49ED10A8159072A30092CF9D /* Foundation.framework */; };
		49ED10AB159072A30092CF9D /* CoreGraphics.framework in Frameworks */ = {isa = PBXBuildFile; fileRef = 49ED10AA159072A30092CF9D /* CoreGraphics.framework */; };
		49ED10E115916C050092CF9D /* libDoubanAPIEngine.a in Frameworks */ = {isa = PBXBuildFile; fileRef = 49ED10DC15916B160092CF9D /* libDoubanAPIEngine.a */; };
		49ED10E315916C180092CF9D /* libxml2.dylib in Frameworks */ = {isa = PBXBuildFile; fileRef = 49ED10E215916C180092CF9D /* libxml2.dylib */; };
		49ED10E515916C220092CF9D /* libz.dylib in Frameworks */ = {isa = PBXBuildFile; fileRef = 49ED10E415916C220092CF9D /* libz.dylib */; };
		49ED10E715916C2E0092CF9D /* CFNetwork.framework in Frameworks */ = {isa = PBXBuildFile; fileRef = 49ED10E615916C2E0092CF9D /* CFNetwork.framework */; };
		49ED10E915916C360092CF9D /* Security.framework in Frameworks */ = {isa = PBXBuildFile; fileRef = 49ED10E815916C360092CF9D /* Security.framework */; };
		49ED10EB15916C3D0092CF9D /* SystemConfiguration.framework in Frameworks */ = {isa = PBXBuildFile; fileRef = 49ED10EA15916C3D0092CF9D /* SystemConfiguration.framework */; };
		49ED10ED15916C4B0092CF9D /* MobileCoreServices.framework in Frameworks */ = {isa = PBXBuildFile; fileRef = 49ED10EC15916C4B0092CF9D /* MobileCoreServices.framework */; };
		49ED110E15917B410092CF9D /* InfoPlist.strings in Resources */ = {isa = PBXBuildFile; fileRef = 49ED110C15917B410092CF9D /* InfoPlist.strings */; };
		49ED110F15917CFA0092CF9D /* AppDelegate.m in Sources */ = {isa = PBXBuildFile; fileRef = 49ED110115917A9E0092CF9D /* AppDelegate.m */; };
		49ED111015917D050092CF9D /* main.m in Sources */ = {isa = PBXBuildFile; fileRef = 49ED110A15917B240092CF9D /* main.m */; };
		49ED111015917D050092CFA6 /* default_book_cover.jpg in Resources */ = {isa = PBXBuildFile; fileRef = 49ED111015917D050092CFA5 /* default_book_cover.jpg */; };
		49ED111015917D050092CFA8 /* round_corner_bg.png in Resources */ = {isa = PBXBuildFile; fileRef = 49ED111015917D050092CFA7 /* round_corner_bg.png */; };
		49ED111015917D050092CFAA /* default_contact.png in Resources */ = {isa = PBXBuildFile; fileRef = 49ED111015917D050092CFA9 /* default_contact.png */; };
		49F6D8E015AD403400A45C69 /* libDoubanAPIEngine.a in Frameworks */ = {isa = PBXBuildFile; fileRef = 49ED10DC15916B160092CF9D /* libDoubanAPIEngine.a */; };
		49F6D8E115AD4C5F00A45C69 /* DoubanService.m in Sources */ = {isa = PBXBuildFile; fileRef = 49703EAD15985AF7004CA5E9 /* DoubanService.m */; };
		49F6D8E515AD551200A45C69 /* DoubanServiceSpec.m in Sources */ = {isa = PBXBuildFile; fileRef = 49F6D8E415AD551200A45C69 /* DoubanServiceSpec.m */; };
/* End PBXBuildFile section */

/* Begin PBXContainerItemProxy section */
		4950F74815AA93E100190D85 /* PBXContainerItemProxy */ = {
			isa = PBXContainerItemProxy;
			containerPortal = 4950F73C15AA93E100190D85 /* Box2D.xcodeproj */;
			proxyType = 2;
			remoteGlobalIDString = 80FF01D2141C3D980059E59D;
			remoteInfo = Box2D;
		};
		4950F74A15AA93E100190D85 /* PBXContainerItemProxy */ = {
			isa = PBXContainerItemProxy;
			containerPortal = 4950F73C15AA93E100190D85 /* Box2D.xcodeproj */;
			proxyType = 2;
			remoteGlobalIDString = 80BB8901141C3E1800F1753A;
			remoteInfo = GLUI;
		};
		4950F75015AA958A00190D85 /* PBXContainerItemProxy */ = {
			isa = PBXContainerItemProxy;
			containerPortal = 4950F73C15AA93E100190D85 /* Box2D.xcodeproj */;
			proxyType = 1;
			remoteGlobalIDString = 80FF01D1141C3D980059E59D;
			remoteInfo = Box2D;
		};
		4954B8DB15AD175F00FF2424 /* PBXContainerItemProxy */ = {
			isa = PBXContainerItemProxy;
			containerPortal = 49A56C6315A678440057D161 /* cocos2d-ios.xcodeproj */;
			proxyType = 1;
			remoteGlobalIDString = 5018F24C0DFDEAC400C013A5;
			remoteInfo = cocos2d;
		};
		4954B8DE15AD177700FF2424 /* PBXContainerItemProxy */ = {
			isa = PBXContainerItemProxy;
			containerPortal = 4950F73C15AA93E100190D85 /* Box2D.xcodeproj */;
			proxyType = 1;
			remoteGlobalIDString = 80FF01D1141C3D980059E59D;
			remoteInfo = Box2D;
		};
		49A1341A15A684CE00C7CACE /* PBXContainerItemProxy */ = {
			isa = PBXContainerItemProxy;
			containerPortal = 49A56C6315A678440057D161 /* cocos2d-ios.xcodeproj */;
			proxyType = 1;
			remoteGlobalIDString = 50CB2FC91004C8B100B7A750;
			remoteInfo = CocosDenshion;
		};
		49A1341C15A684D700C7CACE /* PBXContainerItemProxy */ = {
			isa = PBXContainerItemProxy;
			containerPortal = 49A56C6315A678440057D161 /* cocos2d-ios.xcodeproj */;
			proxyType = 1;
			remoteGlobalIDString = 509B3A0C0F31024E00F2FB95;
			remoteInfo = cocosLive;
		};
		49A56CEA15A678480057D161 /* PBXContainerItemProxy */ = {
			isa = PBXContainerItemProxy;
			containerPortal = 49A56C6315A678440057D161 /* cocos2d-ios.xcodeproj */;
			proxyType = 2;
			remoteGlobalIDString = 5018F24D0DFDEAC400C013A5;
			remoteInfo = cocos2d;
		};
		49A56CEC15A678480057D161 /* PBXContainerItemProxy */ = {
			isa = PBXContainerItemProxy;
			containerPortal = 49A56C6315A678440057D161 /* cocos2d-ios.xcodeproj */;
			proxyType = 2;
			remoteGlobalIDString = 502C65EE0DFEF3DD00E4107D;
			remoteInfo = "cocos2d-documentation";
		};
		49A56CEE15A678480057D161 /* PBXContainerItemProxy */ = {
			isa = PBXContainerItemProxy;
			containerPortal = 49A56C6315A678440057D161 /* cocos2d-ios.xcodeproj */;
			proxyType = 2;
			remoteGlobalIDString = 50CB2FCA1004C8B100B7A750;
			remoteInfo = CocosDenshion;
		};
		49A56CF015A678480057D161 /* PBXContainerItemProxy */ = {
			isa = PBXContainerItemProxy;
			containerPortal = 49A56C6315A678440057D161 /* cocos2d-ios.xcodeproj */;
			proxyType = 2;
			remoteGlobalIDString = 509B3A0D0F31024E00F2FB95;
			remoteInfo = cocosLive;
		};
		49A56CF215A678480057D161 /* PBXContainerItemProxy */ = {
			isa = PBXContainerItemProxy;
			containerPortal = 49A56C6315A678440057D161 /* cocos2d-ios.xcodeproj */;
			proxyType = 2;
			remoteGlobalIDString = 505461DF10616AE100AB7C52;
			remoteInfo = FontLabel;
		};
		49A56CF415A678480057D161 /* PBXContainerItemProxy */ = {
			isa = PBXContainerItemProxy;
			containerPortal = 49A56C6315A678440057D161 /* cocos2d-ios.xcodeproj */;
			proxyType = 2;
			remoteGlobalIDString = 503164CD10277665003ACFE7;
			remoteInfo = libpng;
		};
		49A56CF615A678480057D161 /* PBXContainerItemProxy */ = {
			isa = PBXContainerItemProxy;
			containerPortal = 49A56C6315A678440057D161 /* cocos2d-ios.xcodeproj */;
			proxyType = 2;
			remoteGlobalIDString = 509B39DF0F31020900F2FB95;
			remoteInfo = TouchJSON;
		};
		49A56CF815A678480057D161 /* PBXContainerItemProxy */ = {
			isa = PBXContainerItemProxy;
			containerPortal = 49A56C6315A678440057D161 /* cocos2d-ios.xcodeproj */;
			proxyType = 2;
			remoteGlobalIDString = 8E6CBEEF0F7A758000D47B3A;
			remoteInfo = vorbis;
		};
		49A56D6B15A678A10057D161 /* PBXContainerItemProxy */ = {
			isa = PBXContainerItemProxy;
			containerPortal = 49A56C6315A678440057D161 /* cocos2d-ios.xcodeproj */;
			proxyType = 1;
			remoteGlobalIDString = 5018F24C0DFDEAC400C013A5;
			remoteInfo = cocos2d;
		};
		49A5FC54159C7A4C0092C640 /* PBXContainerItemProxy */ = {
			isa = PBXContainerItemProxy;
			containerPortal = 49A5FC49159C7A4C0092C640 /* Kiwi.xcodeproj */;
			proxyType = 2;
			remoteGlobalIDString = F5015B9F11583A77002E9A98;
			remoteInfo = Kiwi;
		};
		49A5FC56159C7A4C0092C640 /* PBXContainerItemProxy */ = {
			isa = PBXContainerItemProxy;
			containerPortal = 49A5FC49159C7A4C0092C640 /* Kiwi.xcodeproj */;
			proxyType = 2;
			remoteGlobalIDString = 832C83C7157263B300F160D5;
			remoteInfo = "Kiwi-OSX";
		};
		49A5FC58159C7A4C0092C640 /* PBXContainerItemProxy */ = {
			isa = PBXContainerItemProxy;
			containerPortal = 49A5FC49159C7A4C0092C640 /* Kiwi.xcodeproj */;
			proxyType = 2;
			remoteGlobalIDString = F5015C9E11584017002E9A98;
			remoteInfo = KiwiTests;
		};
		49A5FC5A159C7A4C0092C640 /* PBXContainerItemProxy */ = {
			isa = PBXContainerItemProxy;
			containerPortal = 49A5FC49159C7A4C0092C640 /* Kiwi.xcodeproj */;
			proxyType = 2;
			remoteGlobalIDString = A3B16542139967B800E9CC6E;
			remoteInfo = KiwiExamples;
		};
		49ED10DB15916B160092CF9D /* PBXContainerItemProxy */ = {
			isa = PBXContainerItemProxy;
			containerPortal = 49ED10D315916B150092CF9D /* DoubanAPIEngine.xcodeproj */;
			proxyType = 2;
			remoteGlobalIDString = D800D538146907B2009F64FD;
			remoteInfo = DoubanAPIEngine;
		};
		49ED10DD15916B160092CF9D /* PBXContainerItemProxy */ = {
			isa = PBXContainerItemProxy;
			containerPortal = 49ED10D315916B150092CF9D /* DoubanAPIEngine.xcodeproj */;
			proxyType = 2;
			remoteGlobalIDString = D800D548146907B2009F64FD;
			remoteInfo = DoubanAPIEngineTests;
		};
		49ED10DF15916BEE0092CF9D /* PBXContainerItemProxy */ = {
			isa = PBXContainerItemProxy;
			containerPortal = 49ED10D315916B150092CF9D /* DoubanAPIEngine.xcodeproj */;
			proxyType = 1;
			remoteGlobalIDString = D800D537146907B2009F64FD;
			remoteInfo = DoubanAPIEngine;
		};
		49F6D8DE15AD402D00A45C69 /* PBXContainerItemProxy */ = {
			isa = PBXContainerItemProxy;
			containerPortal = 49ED10D315916B150092CF9D /* DoubanAPIEngine.xcodeproj */;
			proxyType = 1;
			remoteGlobalIDString = D800D537146907B2009F64FD;
			remoteInfo = DoubanAPIEngine;
		};
/* End PBXContainerItemProxy section */

/* Begin PBXFileReference section */
		49090A4115D10C9D0060A82A /* en */ = {isa = PBXFileReference; lastKnownFileType = file.storyboard; name = en; path = src/en.lproj/MainStoryboard_iPad.storyboard; sourceTree = SOURCE_ROOT; };
		49090A4315D10C9D0060A82A /* en */ = {isa = PBXFileReference; lastKnownFileType = file.storyboard; name = en; path = src/en.lproj/MainStoryboard_iPhone.storyboard; sourceTree = SOURCE_ROOT; };
		4912EB89159C8469000D469C /* Shared.xcconfig */ = {isa = PBXFileReference; fileEncoding = 4; lastKnownFileType = text.xcconfig; name = Shared.xcconfig; path = config/Shared.xcconfig; sourceTree = "<group>"; };
		4912EB8B159C8486000D469C /* Debug.xcconfig */ = {isa = PBXFileReference; fileEncoding = 4; lastKnownFileType = text.xcconfig; name = Debug.xcconfig; path = config/Debug.xcconfig; sourceTree = "<group>"; };
		4912EB8D159C84A3000D469C /* Release.xcconfig */ = {isa = PBXFileReference; fileEncoding = 4; lastKnownFileType = text.xcconfig; name = Release.xcconfig; path = config/Release.xcconfig; sourceTree = "<group>"; };
		4912EBA5159C8745000D469C /* DCCrossHairView.h */ = {isa = PBXFileReference; fileEncoding = 4; lastKnownFileType = sourcecode.c.h; path = DCCrossHairView.h; sourceTree = "<group>"; };
		4912EBA6159C8745000D469C /* DCCrossHairView.m */ = {isa = PBXFileReference; fileEncoding = 4; lastKnownFileType = sourcecode.c.objc; path = DCCrossHairView.m; sourceTree = "<group>"; };
		4912EBA7159C8745000D469C /* DCFrameView.h */ = {isa = PBXFileReference; fileEncoding = 4; lastKnownFileType = sourcecode.c.h; path = DCFrameView.h; sourceTree = "<group>"; };
		4912EBA8159C8745000D469C /* DCFrameView.m */ = {isa = PBXFileReference; fileEncoding = 4; lastKnownFileType = sourcecode.c.objc; path = DCFrameView.m; sourceTree = "<group>"; };
		4912EBA9159C8745000D469C /* DCIntrospect.h */ = {isa = PBXFileReference; fileEncoding = 4; lastKnownFileType = sourcecode.c.h; path = DCIntrospect.h; sourceTree = "<group>"; };
		4912EBAA159C8745000D469C /* DCIntrospect.m */ = {isa = PBXFileReference; fileEncoding = 4; lastKnownFileType = sourcecode.c.objc; path = DCIntrospect.m; sourceTree = "<group>"; };
		4912EBAB159C8745000D469C /* DCIntrospectSettings.h */ = {isa = PBXFileReference; fileEncoding = 4; lastKnownFileType = sourcecode.c.h; path = DCIntrospectSettings.h; sourceTree = "<group>"; };
		4912EBAC159C8745000D469C /* DCStatusBarOverlay.h */ = {isa = PBXFileReference; fileEncoding = 4; lastKnownFileType = sourcecode.c.h; path = DCStatusBarOverlay.h; sourceTree = "<group>"; };
		4912EBAD159C8745000D469C /* DCStatusBarOverlay.m */ = {isa = PBXFileReference; fileEncoding = 4; lastKnownFileType = sourcecode.c.objc; path = DCStatusBarOverlay.m; sourceTree = "<group>"; };
		4912EBB2159C896C000D469C /* UnitTests.xcconfig */ = {isa = PBXFileReference; fileEncoding = 4; lastKnownFileType = text.xcconfig; name = UnitTests.xcconfig; path = config/UnitTests.xcconfig; sourceTree = "<group>"; };
		4912EBF2159D700A000D469C /* libTestFlight.a */ = {isa = PBXFileReference; lastKnownFileType = archive.ar; path = libTestFlight.a; sourceTree = "<group>"; };
		4912EBF3159D700A000D469C /* README.txt */ = {isa = PBXFileReference; fileEncoding = 4; lastKnownFileType = text; path = README.txt; sourceTree = "<group>"; };
		4912EBF4159D700A000D469C /* release_notes.txt */ = {isa = PBXFileReference; fileEncoding = 4; lastKnownFileType = text; path = release_notes.txt; sourceTree = "<group>"; };
		4912EBF5159D700A000D469C /* TestFlight.h */ = {isa = PBXFileReference; fileEncoding = 4; lastKnownFileType = sourcecode.c.h; path = TestFlight.h; sourceTree = "<group>"; };
		49203C4615B4ECA60047A757 /* Toast+UIView.h */ = {isa = PBXFileReference; fileEncoding = 4; lastKnownFileType = sourcecode.c.h; name = "Toast+UIView.h"; path = "src/Toast+UIView.h"; sourceTree = SOURCE_ROOT; };
		49203C4715B4ECA60047A757 /* Toast+UIView.m */ = {isa = PBXFileReference; fileEncoding = 4; lastKnownFileType = sourcecode.c.objc; name = "Toast+UIView.m"; path = "src/Toast+UIView.m"; sourceTree = SOURCE_ROOT; };
		49203C6F15B4F1310047A757 /* cry.png */ = {isa = PBXFileReference; lastKnownFileType = image.png; name = cry.png; path = resources/cry.png; sourceTree = "<group>"; };
		4930BB4715D3974000AE6256 /* DoubanAuthorizationViewController.h */ = {isa = PBXFileReference; fileEncoding = 4; lastKnownFileType = sourcecode.c.h; name = DoubanAuthorizationViewController.h; path = src/DoubanAuthorizationViewController.h; sourceTree = SOURCE_ROOT; };
		4930BB4815D3974000AE6256 /* DoubanAuthorizationViewController.m */ = {isa = PBXFileReference; fileEncoding = 4; lastKnownFileType = sourcecode.c.objc; name = DoubanAuthorizationViewController.m; path = src/DoubanAuthorizationViewController.m; sourceTree = SOURCE_ROOT; };
		493BB48B159C7EA600E99887 /* UnitTests-Info.plist */ = {isa = PBXFileReference; fileEncoding = 4; lastKnownFileType = text.plist.xml; name = "UnitTests-Info.plist"; path = "test/UnitTests-Info.plist"; sourceTree = SOURCE_ROOT; };
		493BB48C159C7EA600E99887 /* UnitTests-Prefix.pch */ = {isa = PBXFileReference; fileEncoding = 4; lastKnownFileType = sourcecode.c.h; name = "UnitTests-Prefix.pch"; path = "test/UnitTests-Prefix.pch"; sourceTree = SOURCE_ROOT; };
		493BB48F159C7EAC00E99887 /* en */ = {isa = PBXFileReference; lastKnownFileType = text.plist.strings; name = en; path = test/en.lproj/InfoPlist.strings; sourceTree = SOURCE_ROOT; };
		4946A5D215A4570300C16C87 /* MyContactController.h */ = {isa = PBXFileReference; fileEncoding = 4; lastKnownFileType = sourcecode.c.h; name = MyContactController.h; path = src/MyContactController.h; sourceTree = SOURCE_ROOT; };
		4946A5D315A4570300C16C87 /* MyContactController.m */ = {isa = PBXFileReference; fileEncoding = 4; lastKnownFileType = sourcecode.c.objc; name = MyContactController.m; path = src/MyContactController.m; sourceTree = SOURCE_ROOT; };
		4946A64715A465D100C16C87 /* MyTableViewController.h */ = {isa = PBXFileReference; fileEncoding = 4; lastKnownFileType = sourcecode.c.h; name = MyTableViewController.h; path = src/MyTableViewController.h; sourceTree = SOURCE_ROOT; };
		4946A64815A465D100C16C87 /* MyTableViewController.m */ = {isa = PBXFileReference; fileEncoding = 4; lastKnownFileType = sourcecode.c.objc; name = MyTableViewController.m; path = src/MyTableViewController.m; sourceTree = SOURCE_ROOT; };
		4946A68515A46D6000C16C87 /* TWImageView+Additions.h */ = {isa = PBXFileReference; fileEncoding = 4; lastKnownFileType = sourcecode.c.h; name = "TWImageView+Additions.h"; path = "src/TWImageView+Additions.h"; sourceTree = SOURCE_ROOT; };
		4946A68615A46D6000C16C87 /* TWImageView+Additions.m */ = {isa = PBXFileReference; fileEncoding = 4; lastKnownFileType = sourcecode.c.objc; name = "TWImageView+Additions.m"; path = "src/TWImageView+Additions.m"; sourceTree = SOURCE_ROOT; };
		4948F7E715D12C7800C15C23 /* WheelView.h */ = {isa = PBXFileReference; fileEncoding = 4; lastKnownFileType = sourcecode.c.h; name = WheelView.h; path = src/WheelView.h; sourceTree = SOURCE_ROOT; };
		4948F7E815D12C7800C15C23 /* WheelView.m */ = {isa = PBXFileReference; fileEncoding = 4; lastKnownFileType = sourcecode.c.objc; name = WheelView.m; path = src/WheelView.m; sourceTree = SOURCE_ROOT; };
		4948F7E915D12C7800C15C23 /* WheelViewCell.h */ = {isa = PBXFileReference; fileEncoding = 4; lastKnownFileType = sourcecode.c.h; name = WheelViewCell.h; path = src/WheelViewCell.h; sourceTree = SOURCE_ROOT; };
		4948F7EA15D12C7800C15C23 /* WheelViewCell.m */ = {isa = PBXFileReference; fileEncoding = 4; lastKnownFileType = sourcecode.c.objc; name = WheelViewCell.m; path = src/WheelViewCell.m; sourceTree = SOURCE_ROOT; };
		4948F7F015D12D8B00C15C23 /* RootViewController_iPad.h */ = {isa = PBXFileReference; fileEncoding = 4; lastKnownFileType = sourcecode.c.h; name = RootViewController_iPad.h; path = src/RootViewController_iPad.h; sourceTree = SOURCE_ROOT; };
		4948F7F115D12D8B00C15C23 /* RootViewController_iPad.m */ = {isa = PBXFileReference; fileEncoding = 4; lastKnownFileType = sourcecode.c.objc; name = RootViewController_iPad.m; path = src/RootViewController_iPad.m; sourceTree = SOURCE_ROOT; };
		4948F7F415D12DC900C15C23 /* SpinGestureRecognizer.h */ = {isa = PBXFileReference; fileEncoding = 4; lastKnownFileType = sourcecode.c.h; name = SpinGestureRecognizer.h; path = src/SpinGestureRecognizer.h; sourceTree = SOURCE_ROOT; };
		4948F7F515D12DC900C15C23 /* SpinGestureRecognizer.m */ = {isa = PBXFileReference; fileEncoding = 4; lastKnownFileType = sourcecode.c.objc; name = SpinGestureRecognizer.m; path = src/SpinGestureRecognizer.m; sourceTree = SOURCE_ROOT; };
		4948F7F815D12F4900C15C23 /* GlobalConfig.h */ = {isa = PBXFileReference; fileEncoding = 4; lastKnownFileType = sourcecode.c.h; name = GlobalConfig.h; path = src/GlobalConfig.h; sourceTree = SOURCE_ROOT; };
		4948F7F915D12F4900C15C23 /* GlobalConfig.m */ = {isa = PBXFileReference; fileEncoding = 4; lastKnownFileType = sourcecode.c.objc; name = GlobalConfig.m; path = src/GlobalConfig.m; sourceTree = SOURCE_ROOT; };
		494976A615D1ED9500D44383 /* tags.txt */ = {isa = PBXFileReference; fileEncoding = 4; lastKnownFileType = text; name = tags.txt; path = resources/tags.txt; sourceTree = "<group>"; };
		494C00DE15A34F59002572F2 /* BookDetailsController.m */ = {isa = PBXFileReference; fileEncoding = 4; lastKnownFileType = sourcecode.c.objc; name = BookDetailsController.m; path = src/BookDetailsController.m; sourceTree = SOURCE_ROOT; };
		494C00DF15A34F59002572F2 /* BookDetailsController.h */ = {isa = PBXFileReference; fileEncoding = 4; lastKnownFileType = sourcecode.c.h; name = BookDetailsController.h; path = src/BookDetailsController.h; sourceTree = SOURCE_ROOT; };
		4950F73C15AA93E100190D85 /* Box2D.xcodeproj */ = {isa = PBXFileReference; lastKnownFileType = "wrapper.pb-project"; name = Box2D.xcodeproj; path = ../lib/Box2D_v2.2.1/Build/xcode4/Box2D.xcodeproj; sourceTree = "<group>"; };
		4954B8D415AD13A500FF2424 /* RootControllerSpec.mm */ = {isa = PBXFileReference; fileEncoding = 4; lastKnownFileType = sourcecode.cpp.objcpp; name = RootControllerSpec.mm; path = test/RootControllerSpec.mm; sourceTree = SOURCE_ROOT; };
		49703EAC15985AF7004CA5E9 /* DoubanService.h */ = {isa = PBXFileReference; fileEncoding = 4; lastKnownFileType = sourcecode.c.h; name = DoubanService.h; path = src/DoubanService.h; sourceTree = SOURCE_ROOT; };
		49703EAD15985AF7004CA5E9 /* DoubanService.m */ = {isa = PBXFileReference; fileEncoding = 4; lastKnownFileType = sourcecode.c.objc; name = DoubanService.m; path = src/DoubanService.m; sourceTree = SOURCE_ROOT; };
		497489B215AC2FAE00CDE0C4 /* people_entry.xml */ = {isa = PBXFileReference; fileEncoding = 4; lastKnownFileType = text.xml; name = people_entry.xml; path = test/resources/people_entry.xml; sourceTree = SOURCE_ROOT; };
		497489B415AC2FBC00CDE0C4 /* UserSpec.m */ = {isa = PBXFileReference; fileEncoding = 4; lastKnownFileType = sourcecode.c.objc; name = UserSpec.m; path = test/UserSpec.m; sourceTree = SOURCE_ROOT; };
		497796E815A534BF00C8DEE0 /* OpenGLES.framework */ = {isa = PBXFileReference; lastKnownFileType = wrapper.framework; name = OpenGLES.framework; path = System/Library/Frameworks/OpenGLES.framework; sourceTree = SDKROOT; };
		497796EA15A53C3100C8DEE0 /* libc++.dylib */ = {isa = PBXFileReference; lastKnownFileType = "compiled.mach-o.dylib"; name = "libc++.dylib"; path = "usr/lib/libc++.dylib"; sourceTree = SDKROOT; };
		4979473915A1CADF00DA964E /* RootController.h */ = {isa = PBXFileReference; fileEncoding = 4; lastKnownFileType = sourcecode.c.h; name = RootController.h; path = src/RootController.h; sourceTree = SOURCE_ROOT; };
		4979473A15A1CADF00DA964E /* RootController.mm */ = {isa = PBXFileReference; fileEncoding = 4; lastKnownFileType = sourcecode.cpp.objcpp; name = RootController.mm; path = src/RootController.mm; sourceTree = SOURCE_ROOT; };
		4998957515998E8A0048B5B3 /* QuartzCore.framework */ = {isa = PBXFileReference; lastKnownFileType = wrapper.framework; name = QuartzCore.framework; path = System/Library/Frameworks/QuartzCore.framework; sourceTree = SDKROOT; };
		49A1310D15A67BD400C7CACE /* SearchViewController.h */ = {isa = PBXFileReference; fileEncoding = 4; lastKnownFileType = sourcecode.c.h; name = SearchViewController.h; path = src/SearchViewController.h; sourceTree = SOURCE_ROOT; };
		49A1310E15A67BD400C7CACE /* SearchViewController.mm */ = {isa = PBXFileReference; fileEncoding = 4; lastKnownFileType = sourcecode.cpp.objcpp; name = SearchViewController.mm; path = src/SearchViewController.mm; sourceTree = SOURCE_ROOT; };
		49A131AA15A67E5D00C7CACE /* SearchViewLayer.h */ = {isa = PBXFileReference; fileEncoding = 4; lastKnownFileType = sourcecode.c.h; name = SearchViewLayer.h; path = src/SearchViewLayer.h; sourceTree = SOURCE_ROOT; };
		49A131AB15A67E5D00C7CACE /* SearchViewLayer.mm */ = {isa = PBXFileReference; fileEncoding = 4; lastKnownFileType = sourcecode.cpp.objcpp; name = SearchViewLayer.mm; path = src/SearchViewLayer.mm; sourceTree = SOURCE_ROOT; };
		49A1343815A68C0400C7CACE /* OpenAL.framework */ = {isa = PBXFileReference; lastKnownFileType = wrapper.framework; name = OpenAL.framework; path = System/Library/Frameworks/OpenAL.framework; sourceTree = SDKROOT; };
		49A1343A15A68C2E00C7CACE /* AudioToolbox.framework */ = {isa = PBXFileReference; lastKnownFileType = wrapper.framework; name = AudioToolbox.framework; path = System/Library/Frameworks/AudioToolbox.framework; sourceTree = SDKROOT; };
		49A1343C15A68C3D00C7CACE /* AVFoundation.framework */ = {isa = PBXFileReference; lastKnownFileType = wrapper.framework; name = AVFoundation.framework; path = System/Library/Frameworks/AVFoundation.framework; sourceTree = SDKROOT; };
		49A1343E15A68D1A00C7CACE /* GLES-Render.h */ = {isa = PBXFileReference; fileEncoding = 4; lastKnownFileType = sourcecode.c.h; name = "GLES-Render.h"; path = "src/GLES-Render.h"; sourceTree = SOURCE_ROOT; };
		49A1343F15A68D1A00C7CACE /* GLES-Render.mm */ = {isa = PBXFileReference; fileEncoding = 4; lastKnownFileType = sourcecode.cpp.objcpp; name = "GLES-Render.mm"; path = "src/GLES-Render.mm"; sourceTree = SOURCE_ROOT; };
		49A56C6315A678440057D161 /* cocos2d-ios.xcodeproj */ = {isa = PBXFileReference; lastKnownFileType = "wrapper.pb-project"; name = "cocos2d-ios.xcodeproj"; path = "../lib/cocos2d-iphone-1.0.1/cocos2d-ios.xcodeproj"; sourceTree = "<group>"; };
		49A5FC34159C76E40092C640 /* User.h */ = {isa = PBXFileReference; fileEncoding = 4; lastKnownFileType = sourcecode.c.h; name = User.h; path = src/User.h; sourceTree = SOURCE_ROOT; };
		49A5FC35159C76E40092C640 /* User.m */ = {isa = PBXFileReference; fileEncoding = 4; lastKnownFileType = sourcecode.c.objc; name = User.m; path = src/User.m; sourceTree = SOURCE_ROOT; };
		49A5FC37159C76ED0092C640 /* IntrospectManager.h */ = {isa = PBXFileReference; fileEncoding = 4; lastKnownFileType = sourcecode.c.h; name = IntrospectManager.h; path = src/IntrospectManager.h; sourceTree = SOURCE_ROOT; };
		49A5FC38159C76ED0092C640 /* IntrospectManager.m */ = {isa = PBXFileReference; fileEncoding = 4; lastKnownFileType = sourcecode.c.objc; name = IntrospectManager.m; path = src/IntrospectManager.m; sourceTree = SOURCE_ROOT; };
		49A5FC49159C7A4C0092C640 /* Kiwi.xcodeproj */ = {isa = PBXFileReference; lastKnownFileType = "wrapper.pb-project"; name = Kiwi.xcodeproj; path = ../lib/Kiwi/Kiwi.xcodeproj; sourceTree = "<group>"; };
		49A5FC61159C7B3A0092C640 /* UnitTests.octest */ = {isa = PBXFileReference; explicitFileType = wrapper.cfbundle; includeInIndex = 0; path = UnitTests.octest; sourceTree = BUILT_PRODUCTS_DIR; };
		49B9D76615A1843500B4C734 /* AFHTTPClient.h */ = {isa = PBXFileReference; fileEncoding = 4; lastKnownFileType = sourcecode.c.h; path = AFHTTPClient.h; sourceTree = "<group>"; };
		49B9D76715A1843500B4C734 /* AFHTTPClient.m */ = {isa = PBXFileReference; fileEncoding = 4; lastKnownFileType = sourcecode.c.objc; path = AFHTTPClient.m; sourceTree = "<group>"; };
		49B9D76815A1843500B4C734 /* AFHTTPRequestOperation.h */ = {isa = PBXFileReference; fileEncoding = 4; lastKnownFileType = sourcecode.c.h; path = AFHTTPRequestOperation.h; sourceTree = "<group>"; };
		49B9D76915A1843500B4C734 /* AFHTTPRequestOperation.m */ = {isa = PBXFileReference; fileEncoding = 4; lastKnownFileType = sourcecode.c.objc; path = AFHTTPRequestOperation.m; sourceTree = "<group>"; };
		49B9D76A15A1843500B4C734 /* AFImageRequestOperation.h */ = {isa = PBXFileReference; fileEncoding = 4; lastKnownFileType = sourcecode.c.h; path = AFImageRequestOperation.h; sourceTree = "<group>"; };
		49B9D76B15A1843500B4C734 /* AFImageRequestOperation.m */ = {isa = PBXFileReference; fileEncoding = 4; lastKnownFileType = sourcecode.c.objc; path = AFImageRequestOperation.m; sourceTree = "<group>"; };
		49B9D76C15A1843500B4C734 /* AFJSONRequestOperation.h */ = {isa = PBXFileReference; fileEncoding = 4; lastKnownFileType = sourcecode.c.h; path = AFJSONRequestOperation.h; sourceTree = "<group>"; };
		49B9D76D15A1843500B4C734 /* AFJSONRequestOperation.m */ = {isa = PBXFileReference; fileEncoding = 4; lastKnownFileType = sourcecode.c.objc; path = AFJSONRequestOperation.m; sourceTree = "<group>"; };
		49B9D76E15A1843500B4C734 /* AFJSONUtilities.h */ = {isa = PBXFileReference; fileEncoding = 4; lastKnownFileType = sourcecode.c.h; path = AFJSONUtilities.h; sourceTree = "<group>"; };
		49B9D76F15A1843500B4C734 /* AFJSONUtilities.m */ = {isa = PBXFileReference; fileEncoding = 4; lastKnownFileType = sourcecode.c.objc; path = AFJSONUtilities.m; sourceTree = "<group>"; };
		49B9D77015A1843500B4C734 /* AFNetworkActivityIndicatorManager.h */ = {isa = PBXFileReference; fileEncoding = 4; lastKnownFileType = sourcecode.c.h; path = AFNetworkActivityIndicatorManager.h; sourceTree = "<group>"; };
		49B9D77115A1843500B4C734 /* AFNetworkActivityIndicatorManager.m */ = {isa = PBXFileReference; fileEncoding = 4; lastKnownFileType = sourcecode.c.objc; path = AFNetworkActivityIndicatorManager.m; sourceTree = "<group>"; };
		49B9D77215A1843500B4C734 /* AFNetworking.h */ = {isa = PBXFileReference; fileEncoding = 4; lastKnownFileType = sourcecode.c.h; path = AFNetworking.h; sourceTree = "<group>"; };
		49B9D77315A1843500B4C734 /* AFPropertyListRequestOperation.h */ = {isa = PBXFileReference; fileEncoding = 4; lastKnownFileType = sourcecode.c.h; path = AFPropertyListRequestOperation.h; sourceTree = "<group>"; };
		49B9D77415A1843500B4C734 /* AFPropertyListRequestOperation.m */ = {isa = PBXFileReference; fileEncoding = 4; lastKnownFileType = sourcecode.c.objc; path = AFPropertyListRequestOperation.m; sourceTree = "<group>"; };
		49B9D77515A1843500B4C734 /* AFURLConnectionOperation.h */ = {isa = PBXFileReference; fileEncoding = 4; lastKnownFileType = sourcecode.c.h; path = AFURLConnectionOperation.h; sourceTree = "<group>"; };
		49B9D77615A1843500B4C734 /* AFURLConnectionOperation.m */ = {isa = PBXFileReference; fileEncoding = 4; lastKnownFileType = sourcecode.c.objc; path = AFURLConnectionOperation.m; sourceTree = "<group>"; };
		49B9D77715A1843500B4C734 /* AFXMLRequestOperation.h */ = {isa = PBXFileReference; fileEncoding = 4; lastKnownFileType = sourcecode.c.h; path = AFXMLRequestOperation.h; sourceTree = "<group>"; };
		49B9D77815A1843500B4C734 /* AFXMLRequestOperation.m */ = {isa = PBXFileReference; fileEncoding = 4; lastKnownFileType = sourcecode.c.objc; path = AFXMLRequestOperation.m; sourceTree = "<group>"; };
		49B9D77915A1843500B4C734 /* UIImageView+AFNetworking.h */ = {isa = PBXFileReference; fileEncoding = 4; lastKnownFileType = sourcecode.c.h; path = "UIImageView+AFNetworking.h"; sourceTree = "<group>"; };
		49B9D77A15A1843500B4C734 /* UIImageView+AFNetworking.m */ = {isa = PBXFileReference; fileEncoding = 4; lastKnownFileType = sourcecode.c.objc; path = "UIImageView+AFNetworking.m"; sourceTree = "<group>"; };
		49BCF6A91592BDC1005DD14E /* MyBookController.h */ = {isa = PBXFileReference; fileEncoding = 4; lastKnownFileType = sourcecode.c.h; name = MyBookController.h; path = src/MyBookController.h; sourceTree = SOURCE_ROOT; };
		49BCF6AA1592BDC1005DD14E /* MyBookController.m */ = {isa = PBXFileReference; fileEncoding = 4; lastKnownFileType = sourcecode.c.objc; name = MyBookController.m; path = src/MyBookController.m; sourceTree = SOURCE_ROOT; };
		49BCF6C11592CA22005DD14E /* NSArray+Additions.h */ = {isa = PBXFileReference; fileEncoding = 4; lastKnownFileType = sourcecode.c.h; name = "NSArray+Additions.h"; path = "src/NSArray+Additions.h"; sourceTree = SOURCE_ROOT; };
		49BCF6C21592CA22005DD14E /* NSArray+Additions.m */ = {isa = PBXFileReference; fileEncoding = 4; lastKnownFileType = sourcecode.c.objc; name = "NSArray+Additions.m"; path = "src/NSArray+Additions.m"; sourceTree = SOURCE_ROOT; };
		49BCF6C41592F0F5005DD14E /* Macros.h */ = {isa = PBXFileReference; lastKnownFileType = sourcecode.c.h; name = Macros.h; path = src/Macros.h; sourceTree = SOURCE_ROOT; };
		49BE40AE15ABC7EB002161A8 /* Book.h */ = {isa = PBXFileReference; fileEncoding = 4; lastKnownFileType = sourcecode.c.h; name = Book.h; path = src/Book.h; sourceTree = SOURCE_ROOT; };
		49BE40AF15ABC7EB002161A8 /* Book.m */ = {isa = PBXFileReference; fileEncoding = 4; lastKnownFileType = sourcecode.c.objc; name = Book.m; path = src/Book.m; sourceTree = SOURCE_ROOT; };
		49BE40B815AC00A0002161A8 /* EGORefreshTableHeaderView.h */ = {isa = PBXFileReference; fileEncoding = 4; lastKnownFileType = sourcecode.c.h; name = EGORefreshTableHeaderView.h; path = src/EGORefreshTableHeaderView.h; sourceTree = SOURCE_ROOT; };
		49BE40B915AC00A0002161A8 /* EGORefreshTableHeaderView.m */ = {isa = PBXFileReference; fileEncoding = 4; lastKnownFileType = sourcecode.c.objc; name = EGORefreshTableHeaderView.m; path = src/EGORefreshTableHeaderView.m; sourceTree = SOURCE_ROOT; };
		49BE40BB15AC00C3002161A8 /* blackArrow.png */ = {isa = PBXFileReference; lastKnownFileType = image.png; name = blackArrow.png; path = resources/blackArrow.png; sourceTree = "<group>"; };
		49BE40BC15AC00C3002161A8 /* blackArrow@2x.png */ = {isa = PBXFileReference; lastKnownFileType = image.png; name = "blackArrow@2x.png"; path = "resources/blackArrow@2x.png"; sourceTree = "<group>"; };
		49BE40BD15AC00C3002161A8 /* blueArrow.png */ = {isa = PBXFileReference; lastKnownFileType = image.png; name = blueArrow.png; path = resources/blueArrow.png; sourceTree = "<group>"; };
		49BE40BE15AC00C3002161A8 /* blueArrow@2x.png */ = {isa = PBXFileReference; lastKnownFileType = image.png; name = "blueArrow@2x.png"; path = "resources/blueArrow@2x.png"; sourceTree = "<group>"; };
		49BE40BF15AC00C3002161A8 /* grayArrow.png */ = {isa = PBXFileReference; lastKnownFileType = image.png; name = grayArrow.png; path = resources/grayArrow.png; sourceTree = "<group>"; };
		49BE40C015AC00C3002161A8 /* grayArrow@2x.png */ = {isa = PBXFileReference; lastKnownFileType = image.png; name = "grayArrow@2x.png"; path = "resources/grayArrow@2x.png"; sourceTree = "<group>"; };
		49BE40C115AC00C3002161A8 /* whiteArrow.png */ = {isa = PBXFileReference; lastKnownFileType = image.png; name = whiteArrow.png; path = resources/whiteArrow.png; sourceTree = "<group>"; };
		49BE40C215AC00C3002161A8 /* whiteArrow@2x.png */ = {isa = PBXFileReference; lastKnownFileType = image.png; name = "whiteArrow@2x.png"; path = "resources/whiteArrow@2x.png"; sourceTree = "<group>"; };
		49ED10A2159072A30092CF9D /* DiscoverBook.app */ = {isa = PBXFileReference; explicitFileType = wrapper.application; includeInIndex = 0; path = DiscoverBook.app; sourceTree = BUILT_PRODUCTS_DIR; };
		49ED10A6159072A30092CF9D /* UIKit.framework */ = {isa = PBXFileReference; lastKnownFileType = wrapper.framework; name = UIKit.framework; path = System/Library/Frameworks/UIKit.framework; sourceTree = SDKROOT; };
		49ED10A8159072A30092CF9D /* Foundation.framework */ = {isa = PBXFileReference; lastKnownFileType = wrapper.framework; name = Foundation.framework; path = System/Library/Frameworks/Foundation.framework; sourceTree = SDKROOT; };
		49ED10AA159072A30092CF9D /* CoreGraphics.framework */ = {isa = PBXFileReference; lastKnownFileType = wrapper.framework; name = CoreGraphics.framework; path = System/Library/Frameworks/CoreGraphics.framework; sourceTree = SDKROOT; };
		49ED10D315916B150092CF9D /* DoubanAPIEngine.xcodeproj */ = {isa = PBXFileReference; lastKnownFileType = "wrapper.pb-project"; name = DoubanAPIEngine.xcodeproj; path = "../lib/douban-objc-client/DoubanAPIEngine/DoubanAPIEngine.xcodeproj"; sourceTree = "<group>"; };
		49ED10E215916C180092CF9D /* libxml2.dylib */ = {isa = PBXFileReference; lastKnownFileType = "compiled.mach-o.dylib"; name = libxml2.dylib; path = usr/lib/libxml2.dylib; sourceTree = SDKROOT; };
		49ED10E415916C220092CF9D /* libz.dylib */ = {isa = PBXFileReference; lastKnownFileType = "compiled.mach-o.dylib"; name = libz.dylib; path = usr/lib/libz.dylib; sourceTree = SDKROOT; };
		49ED10E615916C2E0092CF9D /* CFNetwork.framework */ = {isa = PBXFileReference; lastKnownFileType = wrapper.framework; name = CFNetwork.framework; path = System/Library/Frameworks/CFNetwork.framework; sourceTree = SDKROOT; };
		49ED10E815916C360092CF9D /* Security.framework */ = {isa = PBXFileReference; lastKnownFileType = wrapper.framework; name = Security.framework; path = System/Library/Frameworks/Security.framework; sourceTree = SDKROOT; };
		49ED10EA15916C3D0092CF9D /* SystemConfiguration.framework */ = {isa = PBXFileReference; lastKnownFileType = wrapper.framework; name = SystemConfiguration.framework; path = System/Library/Frameworks/SystemConfiguration.framework; sourceTree = SDKROOT; };
		49ED10EC15916C4B0092CF9D /* MobileCoreServices.framework */ = {isa = PBXFileReference; lastKnownFileType = wrapper.framework; name = MobileCoreServices.framework; path = System/Library/Frameworks/MobileCoreServices.framework; sourceTree = SDKROOT; };
		49ED10EE15916C5C0092CF9D /* SenTestingKit.framework */ = {isa = PBXFileReference; lastKnownFileType = wrapper.framework; name = SenTestingKit.framework; path = Library/Frameworks/SenTestingKit.framework; sourceTree = DEVELOPER_DIR; };
		49ED10FE15917A890092CF9D /* NSString+Additions.h */ = {isa = PBXFileReference; lastKnownFileType = sourcecode.c.h; name = "NSString+Additions.h"; path = "src/NSString+Additions.h"; sourceTree = SOURCE_ROOT; };
		49ED10FF15917A890092CF9D /* NSString+Additions.m */ = {isa = PBXFileReference; lastKnownFileType = sourcecode.c.objc; name = "NSString+Additions.m"; path = "src/NSString+Additions.m"; sourceTree = SOURCE_ROOT; };
		49ED110015917A9E0092CF9D /* AppDelegate.h */ = {isa = PBXFileReference; lastKnownFileType = sourcecode.c.h; name = AppDelegate.h; path = src/AppDelegate.h; sourceTree = SOURCE_ROOT; };
		49ED110115917A9E0092CF9D /* AppDelegate.m */ = {isa = PBXFileReference; lastKnownFileType = sourcecode.c.objc; name = AppDelegate.m; path = src/AppDelegate.m; sourceTree = SOURCE_ROOT; };
		49ED110815917B240092CF9D /* DiscoverBook-Info.plist */ = {isa = PBXFileReference; fileEncoding = 4; lastKnownFileType = text.plist.xml; name = "DiscoverBook-Info.plist"; path = "src/DiscoverBook-Info.plist"; sourceTree = SOURCE_ROOT; };
		49ED110915917B240092CF9D /* DiscoverBook-Prefix.pch */ = {isa = PBXFileReference; lastKnownFileType = sourcecode.c.h; name = "DiscoverBook-Prefix.pch"; path = "src/DiscoverBook-Prefix.pch"; sourceTree = SOURCE_ROOT; };
		49ED110A15917B240092CF9D /* main.m */ = {isa = PBXFileReference; lastKnownFileType = sourcecode.c.objc; name = main.m; path = src/main.m; sourceTree = SOURCE_ROOT; };
		49ED110D15917B410092CF9D /* en */ = {isa = PBXFileReference; lastKnownFileType = text.plist.strings; name = en; path = src/en.lproj/InfoPlist.strings; sourceTree = SOURCE_ROOT; };
		49ED111015917D050092CFA5 /* default_book_cover.jpg */ = {isa = PBXFileReference; lastKnownFileType = image.jpeg; name = default_book_cover.jpg; path = resources/default_book_cover.jpg; sourceTree = "<group>"; };
		49ED111015917D050092CFA7 /* round_corner_bg.png */ = {isa = PBXFileReference; lastKnownFileType = image.png; name = round_corner_bg.png; path = resources/round_corner_bg.png; sourceTree = "<group>"; };
		49ED111015917D050092CFA9 /* default_contact.png */ = {isa = PBXFileReference; lastKnownFileType = image.png; name = default_contact.png; path = resources/default_contact.png; sourceTree = "<group>"; };
		49F6D8E415AD551200A45C69 /* DoubanServiceSpec.m */ = {isa = PBXFileReference; fileEncoding = 4; lastKnownFileType = sourcecode.c.objc; name = DoubanServiceSpec.m; path = test/DoubanServiceSpec.m; sourceTree = SOURCE_ROOT; };
/* End PBXFileReference section */

/* Begin PBXFrameworksBuildPhase section */
		49A5FC5D159C7B3A0092C640 /* Frameworks */ = {
			isa = PBXFrameworksBuildPhase;
			buildActionMask = 2147483647;
			files = (
				49F6D8E015AD403400A45C69 /* libDoubanAPIEngine.a in Frameworks */,
				4954B8E015AD177A00FF2424 /* libBox2D.a in Frameworks */,
				4954B8DD15AD176A00FF2424 /* libcocos2d.a in Frameworks */,
				497489C915AC322A00CDE0C4 /* libc++.dylib in Frameworks */,
				497489C815AC31F200CDE0C4 /* AudioToolbox.framework in Frameworks */,
				497489C715AC31DD00CDE0C4 /* Security.framework in Frameworks */,
				497489C615AC312700CDE0C4 /* SystemConfiguration.framework in Frameworks */,
				497489C515AC311A00CDE0C4 /* MobileCoreServices.framework in Frameworks */,
				497489C315AC310D00CDE0C4 /* OpenAL.framework in Frameworks */,
				497489C415AC310D00CDE0C4 /* OpenGLES.framework in Frameworks */,
				497489C215AC310000CDE0C4 /* QuartzCore.framework in Frameworks */,
				497489C115AC30F300CDE0C4 /* AVFoundation.framework in Frameworks */,
				497489BC15AC306A00CDE0C4 /* CFNetwork.framework in Frameworks */,
				497489C015AC30A100CDE0C4 /* libxml2.dylib in Frameworks */,
				497489BF15AC309900CDE0C4 /* libz.dylib in Frameworks */,
				497489BE15AC308900CDE0C4 /* CoreGraphics.framework in Frameworks */,
				497489BD15AC307A00CDE0C4 /* SenTestingKit.framework in Frameworks */,
				49A5FC74159C7BC30092C640 /* libKiwi.a in Frameworks */,
				49A5FC63159C7B3A0092C640 /* UIKit.framework in Frameworks */,
				49A5FC64159C7B3A0092C640 /* Foundation.framework in Frameworks */,
			);
			runOnlyForDeploymentPostprocessing = 0;
		};
		49ED109F159072A30092CF9D /* Frameworks */ = {
			isa = PBXFrameworksBuildPhase;
			buildActionMask = 2147483647;
			files = (
				4950F75215AA959000190D85 /* libBox2D.a in Frameworks */,
				49A1344215A6915F00C7CACE /* libvorbis.a in Frameworks */,
				49A1343D15A68C3D00C7CACE /* AVFoundation.framework in Frameworks */,
				49A1343B15A68C2E00C7CACE /* AudioToolbox.framework in Frameworks */,
				49A1343715A68BA300C7CACE /* OpenGLES.framework in Frameworks */,
				49A1343915A68C0400C7CACE /* OpenAL.framework in Frameworks */,
				49A1342215A684F100C7CACE /* libcocos Live.a in Frameworks */,
				49A1342315A684F100C7CACE /* libCocosDenshion.a in Frameworks */,
				49A1341915A6848700C7CACE /* libcocos2d.a in Frameworks */,
				497796EB15A53C3100C8DEE0 /* libc++.dylib in Frameworks */,
				49A5FC32159C76870092C640 /* QuartzCore.framework in Frameworks */,
				49ED10ED15916C4B0092CF9D /* MobileCoreServices.framework in Frameworks */,
				49ED10EB15916C3D0092CF9D /* SystemConfiguration.framework in Frameworks */,
				49ED10E915916C360092CF9D /* Security.framework in Frameworks */,
				49ED10E715916C2E0092CF9D /* CFNetwork.framework in Frameworks */,
				49ED10E515916C220092CF9D /* libz.dylib in Frameworks */,
				49ED10E315916C180092CF9D /* libxml2.dylib in Frameworks */,
				49ED10E115916C050092CF9D /* libDoubanAPIEngine.a in Frameworks */,
				49ED10A7159072A30092CF9D /* UIKit.framework in Frameworks */,
				49ED10A9159072A30092CF9D /* Foundation.framework in Frameworks */,
				49ED10AB159072A30092CF9D /* CoreGraphics.framework in Frameworks */,
				4912EBF6159D700A000D469C /* libTestFlight.a in Frameworks */,
			);
			runOnlyForDeploymentPostprocessing = 0;
		};
/* End PBXFrameworksBuildPhase section */

/* Begin PBXGroup section */
		4912EB88159C811D000D469C /* config */ = {
			isa = PBXGroup;
			children = (
				4912EB89159C8469000D469C /* Shared.xcconfig */,
				4912EB8B159C8486000D469C /* Debug.xcconfig */,
				4912EB8D159C84A3000D469C /* Release.xcconfig */,
				4912EBB2159C896C000D469C /* UnitTests.xcconfig */,
			);
			name = config;
			sourceTree = "<group>";
		};
		4912EBA4159C8745000D469C /* DCIntrospect */ = {
			isa = PBXGroup;
			children = (
				4912EBA5159C8745000D469C /* DCCrossHairView.h */,
				4912EBA6159C8745000D469C /* DCCrossHairView.m */,
				4912EBA7159C8745000D469C /* DCFrameView.h */,
				4912EBA8159C8745000D469C /* DCFrameView.m */,
				4912EBA9159C8745000D469C /* DCIntrospect.h */,
				4912EBAA159C8745000D469C /* DCIntrospect.m */,
				4912EBAB159C8745000D469C /* DCIntrospectSettings.h */,
				4912EBAC159C8745000D469C /* DCStatusBarOverlay.h */,
				4912EBAD159C8745000D469C /* DCStatusBarOverlay.m */,
			);
			name = DCIntrospect;
			path = ../lib/DCIntrospect/DCIntrospect;
			sourceTree = "<group>";
		};
		4912EBF1159D700A000D469C /* TestFlightSDK1.0 */ = {
			isa = PBXGroup;
			children = (
				4912EBF2159D700A000D469C /* libTestFlight.a */,
				4912EBF3159D700A000D469C /* README.txt */,
				4912EBF4159D700A000D469C /* release_notes.txt */,
				4912EBF5159D700A000D469C /* TestFlight.h */,
			);
			name = TestFlightSDK1.0;
			path = ../lib/TestFlightSDK1.0;
			sourceTree = "<group>";
		};
		4930BB4615D391AA00AE6256 /* iphone */ = {
			isa = PBXGroup;
			children = (
			);
			name = iphone;
			sourceTree = "<group>";
		};
		4946A68415A46D4000C16C87 /* UIKit */ = {
			isa = PBXGroup;
			children = (
				49203C4615B4ECA60047A757 /* Toast+UIView.h */,
				49203C4715B4ECA60047A757 /* Toast+UIView.m */,
				4946A68515A46D6000C16C87 /* TWImageView+Additions.h */,
				4946A68615A46D6000C16C87 /* TWImageView+Additions.m */,
			);
			name = UIKit;
			sourceTree = "<group>";
		};
		4948F7EF15D12D6600C15C23 /* ipad */ = {
			isa = PBXGroup;
			children = (
				4948F7F015D12D8B00C15C23 /* RootViewController_iPad.h */,
				4948F7F115D12D8B00C15C23 /* RootViewController_iPad.m */,
			);
			name = ipad;
			sourceTree = "<group>";
		};
		4950F73D15AA93E100190D85 /* Products */ = {
			isa = PBXGroup;
			children = (
				4950F74915AA93E100190D85 /* libBox2D.a */,
				4950F74B15AA93E100190D85 /* libGLUI.a */,
			);
			name = Products;
			sourceTree = "<group>";
		};
		4954B8D215AD138A00FF2424 /* controllers */ = {
			isa = PBXGroup;
			children = (
				4954B8D415AD13A500FF2424 /* RootControllerSpec.mm */,
			);
			name = controllers;
			sourceTree = "<group>";
		};
		4954B8D315AD139500FF2424 /* domain */ = {
			isa = PBXGroup;
			children = (
				497489B415AC2FBC00CDE0C4 /* UserSpec.m */,
			);
			name = domain;
			sourceTree = "<group>";
		};
		497489B115AC2F8600CDE0C4 /* resources */ = {
			isa = PBXGroup;
			children = (
				497489B215AC2FAE00CDE0C4 /* people_entry.xml */,
			);
			name = resources;
			sourceTree = "<group>";
		};
		49A56C6415A678440057D161 /* Products */ = {
			isa = PBXGroup;
			children = (
				49A56CEB15A678480057D161 /* libcocos2d.a */,
				49A56CED15A678480057D161 /* libcocos2d-documentation.a */,
				49A56CEF15A678480057D161 /* libCocosDenshion.a */,
				49A56CF115A678480057D161 /* libcocos Live.a */,
				49A56CF315A678480057D161 /* libFontLabel.a */,
				49A56CF515A678480057D161 /* liblibpng.a */,
				49A56CF715A678480057D161 /* libTouchJSON.a */,
				49A56CF915A678480057D161 /* libvorbis.a */,
			);
			name = Products;
			sourceTree = "<group>";
		};
		49A5FC33159C76A80092C640 /* managers */ = {
			isa = PBXGroup;
			children = (
				49A5FC37159C76ED0092C640 /* IntrospectManager.h */,
				49A5FC38159C76ED0092C640 /* IntrospectManager.m */,
			);
			name = managers;
			sourceTree = "<group>";
		};
		49A5FC4A159C7A4C0092C640 /* Products */ = {
			isa = PBXGroup;
			children = (
				49A5FC55159C7A4C0092C640 /* libKiwi.a */,
				49A5FC57159C7A4C0092C640 /* libKiwi-OSX.a */,
				49A5FC59159C7A4C0092C640 /* KiwiTests.octest */,
				49A5FC5B159C7A4C0092C640 /* KiwiExamples.octest */,
			);
			name = Products;
			sourceTree = "<group>";
		};
		49A5FC65159C7B3A0092C640 /* test */ = {
			isa = PBXGroup;
			children = (
				49F6D8E315AD54F400A45C69 /* services */,
				4954B8D315AD139500FF2424 /* domain */,
				4954B8D215AD138A00FF2424 /* controllers */,
				497489B115AC2F8600CDE0C4 /* resources */,
				49A5FC66159C7B3A0092C640 /* Supporting Files */,
			);
			name = test;
			path = UnitTests;
			sourceTree = "<group>";
		};
		49A5FC66159C7B3A0092C640 /* Supporting Files */ = {
			isa = PBXGroup;
			children = (
				493BB48E159C7EAC00E99887 /* InfoPlist.strings */,
				493BB48B159C7EA600E99887 /* UnitTests-Info.plist */,
				493BB48C159C7EA600E99887 /* UnitTests-Prefix.pch */,
			);
			name = "Supporting Files";
			sourceTree = "<group>";
		};
		49B9D75115A17CAA00B4C734 /* resources */ = {
			isa = PBXGroup;
			children = (
				49203C6F15B4F1310047A757 /* cry.png */,
				49BE40BB15AC00C3002161A8 /* blackArrow.png */,
				49BE40BC15AC00C3002161A8 /* blackArrow@2x.png */,
				49BE40BD15AC00C3002161A8 /* blueArrow.png */,
				49BE40BE15AC00C3002161A8 /* blueArrow@2x.png */,
				49BE40BF15AC00C3002161A8 /* grayArrow.png */,
				49BE40C015AC00C3002161A8 /* grayArrow@2x.png */,
				49BE40C115AC00C3002161A8 /* whiteArrow.png */,
				49BE40C215AC00C3002161A8 /* whiteArrow@2x.png */,
				49ED111015917D050092CFA9 /* default_contact.png */,
				49ED111015917D050092CFA7 /* round_corner_bg.png */,
				49ED111015917D050092CFA5 /* default_book_cover.jpg */,
				494976A615D1ED9500D44383 /* tags.txt */,
			);
			name = resources;
			sourceTree = "<group>";
		};
		49B9D76515A1843500B4C734 /* AFNetworking */ = {
			isa = PBXGroup;
			children = (
				49B9D76615A1843500B4C734 /* AFHTTPClient.h */,
				49B9D76715A1843500B4C734 /* AFHTTPClient.m */,
				49B9D76815A1843500B4C734 /* AFHTTPRequestOperation.h */,
				49B9D76915A1843500B4C734 /* AFHTTPRequestOperation.m */,
				49B9D76A15A1843500B4C734 /* AFImageRequestOperation.h */,
				49B9D76B15A1843500B4C734 /* AFImageRequestOperation.m */,
				49B9D76C15A1843500B4C734 /* AFJSONRequestOperation.h */,
				49B9D76D15A1843500B4C734 /* AFJSONRequestOperation.m */,
				49B9D76E15A1843500B4C734 /* AFJSONUtilities.h */,
				49B9D76F15A1843500B4C734 /* AFJSONUtilities.m */,
				49B9D77015A1843500B4C734 /* AFNetworkActivityIndicatorManager.h */,
				49B9D77115A1843500B4C734 /* AFNetworkActivityIndicatorManager.m */,
				49B9D77215A1843500B4C734 /* AFNetworking.h */,
				49B9D77315A1843500B4C734 /* AFPropertyListRequestOperation.h */,
				49B9D77415A1843500B4C734 /* AFPropertyListRequestOperation.m */,
				49B9D77515A1843500B4C734 /* AFURLConnectionOperation.h */,
				49B9D77615A1843500B4C734 /* AFURLConnectionOperation.m */,
				49B9D77715A1843500B4C734 /* AFXMLRequestOperation.h */,
				49B9D77815A1843500B4C734 /* AFXMLRequestOperation.m */,
				49B9D77915A1843500B4C734 /* UIImageView+AFNetworking.h */,
				49B9D77A15A1843500B4C734 /* UIImageView+AFNetworking.m */,
			);
			name = AFNetworking;
			path = ../lib/AFNetworking/AFNetworking;
			sourceTree = "<group>";
		};
		49BCF6A81592BD70005DD14E /* controllers */ = {
			isa = PBXGroup;
			children = (
				4930BB4615D391AA00AE6256 /* iphone */,
				4948F7EF15D12D6600C15C23 /* ipad */,
				494C00DF15A34F59002572F2 /* BookDetailsController.h */,
				494C00DE15A34F59002572F2 /* BookDetailsController.m */,
				49BCF6A91592BDC1005DD14E /* MyBookController.h */,
				49BCF6AA1592BDC1005DD14E /* MyBookController.m */,
				4979473915A1CADF00DA964E /* RootController.h */,
				4979473A15A1CADF00DA964E /* RootController.mm */,
				4946A5D215A4570300C16C87 /* MyContactController.h */,
				4946A5D315A4570300C16C87 /* MyContactController.m */,
				4946A64715A465D100C16C87 /* MyTableViewController.h */,
				4946A64815A465D100C16C87 /* MyTableViewController.m */,
				49A1310D15A67BD400C7CACE /* SearchViewController.h */,
				49A1310E15A67BD400C7CACE /* SearchViewController.mm */,
				4930BB4715D3974000AE6256 /* DoubanAuthorizationViewController.h */,
				4930BB4815D3974000AE6256 /* DoubanAuthorizationViewController.m */,
			);
			name = controllers;
			sourceTree = "<group>";
		};
		49BCF6C01592C9FA005DD14E /* Foundation */ = {
			isa = PBXGroup;
			children = (
				49BCF6C11592CA22005DD14E /* NSArray+Additions.h */,
				49BCF6C21592CA22005DD14E /* NSArray+Additions.m */,
				49ED10FE15917A890092CF9D /* NSString+Additions.h */,
				49ED10FF15917A890092CF9D /* NSString+Additions.m */,
			);
			name = Foundation;
			sourceTree = "<group>";
		};
		49BCF6C515985451005DD14E /* domain */ = {
			isa = PBXGroup;
			children = (
				49A5FC34159C76E40092C640 /* User.h */,
				49A5FC35159C76E40092C640 /* User.m */,
				49BE40AE15ABC7EB002161A8 /* Book.h */,
				49BE40AF15ABC7EB002161A8 /* Book.m */,
				4948F7F815D12F4900C15C23 /* GlobalConfig.h */,
				4948F7F915D12F4900C15C23 /* GlobalConfig.m */,
			);
			name = domain;
			sourceTree = "<group>";
		};
		49ED1097159072A30092CF9D = {
			isa = PBXGroup;
			children = (
				49ED10AC159072A30092CF9D /* src */,
				49A5FC65159C7B3A0092C640 /* test */,
				4912EB88159C811D000D469C /* config */,
				49B9D75115A17CAA00B4C734 /* resources */,
				49ED10D115916AE30092CF9D /* lib */,
				49ED10A5159072A30092CF9D /* Frameworks */,
				49ED10A3159072A30092CF9D /* Products */,
			);
			sourceTree = "<group>";
		};
		49ED10A3159072A30092CF9D /* Products */ = {
			isa = PBXGroup;
			children = (
				49ED10A2159072A30092CF9D /* DiscoverBook.app */,
				49A5FC61159C7B3A0092C640 /* UnitTests.octest */,
			);
			name = Products;
			sourceTree = "<group>";
		};
		49ED10A5159072A30092CF9D /* Frameworks */ = {
			isa = PBXGroup;
			children = (
				49A1343C15A68C3D00C7CACE /* AVFoundation.framework */,
				49A1343A15A68C2E00C7CACE /* AudioToolbox.framework */,
				49A1343815A68C0400C7CACE /* OpenAL.framework */,
				497796E815A534BF00C8DEE0 /* OpenGLES.framework */,
				4998957515998E8A0048B5B3 /* QuartzCore.framework */,
				49ED10EE15916C5C0092CF9D /* SenTestingKit.framework */,
				49ED10EC15916C4B0092CF9D /* MobileCoreServices.framework */,
				49ED10EA15916C3D0092CF9D /* SystemConfiguration.framework */,
				49ED10E815916C360092CF9D /* Security.framework */,
				49ED10E615916C2E0092CF9D /* CFNetwork.framework */,
				49ED10E415916C220092CF9D /* libz.dylib */,
				497796EA15A53C3100C8DEE0 /* libc++.dylib */,
				49ED10E215916C180092CF9D /* libxml2.dylib */,
				49ED10A6159072A30092CF9D /* UIKit.framework */,
				49ED10A8159072A30092CF9D /* Foundation.framework */,
				49ED10AA159072A30092CF9D /* CoreGraphics.framework */,
			);
			name = Frameworks;
			sourceTree = "<group>";
		};
		49ED10AC159072A30092CF9D /* src */ = {
			isa = PBXGroup;
			children = (
				49090A4215D10C9D0060A82A /* MainStoryboard_iPhone.storyboard */,
				49090A4015D10C9D0060A82A /* MainStoryboard_iPad.storyboard */,
				49F6D8E215AD521300A45C69 /* services */,
				49A5FC33159C76A80092C640 /* managers */,
				49BCF6C515985451005DD14E /* domain */,
				49BCF6A81592BD70005DD14E /* controllers */,
				49ED10FA159171D20092CF9D /* additions */,
				49ED110015917A9E0092CF9D /* AppDelegate.h */,
				49ED110115917A9E0092CF9D /* AppDelegate.m */,
				49ED10AD159072A30092CF9D /* Supporting Files */,
				49ED111015917D050092CFA4 /* views */,
			);
			name = src;
			path = DiscoverBook;
			sourceTree = "<group>";
		};
		49ED10AD159072A30092CF9D /* Supporting Files */ = {
			isa = PBXGroup;
			children = (
				49ED110815917B240092CF9D /* DiscoverBook-Info.plist */,
				49ED110915917B240092CF9D /* DiscoverBook-Prefix.pch */,
				49ED110C15917B410092CF9D /* InfoPlist.strings */,
				49ED110A15917B240092CF9D /* main.m */,
			);
			name = "Supporting Files";
			sourceTree = "<group>";
		};
		49ED10D115916AE30092CF9D /* lib */ = {
			isa = PBXGroup;
			children = (
				49B9D76515A1843500B4C734 /* AFNetworking */,
				4912EBF1159D700A000D469C /* TestFlightSDK1.0 */,
				4912EBA4159C8745000D469C /* DCIntrospect */,
				4950F73C15AA93E100190D85 /* Box2D.xcodeproj */,
				49A56C6315A678440057D161 /* cocos2d-ios.xcodeproj */,
				49A5FC49159C7A4C0092C640 /* Kiwi.xcodeproj */,
				49ED10D315916B150092CF9D /* DoubanAPIEngine.xcodeproj */,
			);
			name = lib;
			sourceTree = "<group>";
		};
		49ED10D415916B150092CF9D /* Products */ = {
			isa = PBXGroup;
			children = (
				49ED10DC15916B160092CF9D /* libDoubanAPIEngine.a */,
				49ED10DE15916B160092CF9D /* DoubanAPIEngineTests.octest */,
			);
			name = Products;
			sourceTree = "<group>";
		};
		49ED10FA159171D20092CF9D /* additions */ = {
			isa = PBXGroup;
			children = (
				4946A68415A46D4000C16C87 /* UIKit */,
				49BCF6C01592C9FA005DD14E /* Foundation */,
				49BCF6C41592F0F5005DD14E /* Macros.h */,
			);
			name = additions;
			sourceTree = "<group>";
		};
		49ED111015917D050092CFA4 /* views */ = {
			isa = PBXGroup;
			children = (
				4948F7F415D12DC900C15C23 /* SpinGestureRecognizer.h */,
				4948F7F515D12DC900C15C23 /* SpinGestureRecognizer.m */,
				4948F7E715D12C7800C15C23 /* WheelView.h */,
				4948F7E815D12C7800C15C23 /* WheelView.m */,
				4948F7E915D12C7800C15C23 /* WheelViewCell.h */,
				4948F7EA15D12C7800C15C23 /* WheelViewCell.m */,
				49BE40B815AC00A0002161A8 /* EGORefreshTableHeaderView.h */,
				49BE40B915AC00A0002161A8 /* EGORefreshTableHeaderView.m */,
				49A1343E15A68D1A00C7CACE /* GLES-Render.h */,
				49A1343F15A68D1A00C7CACE /* GLES-Render.mm */,
				49A131AA15A67E5D00C7CACE /* SearchViewLayer.h */,
				49A131AB15A67E5D00C7CACE /* SearchViewLayer.mm */,
			);
			name = views;
			sourceTree = "<group>";
		};
		49F6D8E215AD521300A45C69 /* services */ = {
			isa = PBXGroup;
			children = (
				49703EAC15985AF7004CA5E9 /* DoubanService.h */,
				49703EAD15985AF7004CA5E9 /* DoubanService.m */,
			);
			name = services;
			sourceTree = "<group>";
		};
		49F6D8E315AD54F400A45C69 /* services */ = {
			isa = PBXGroup;
			children = (
				49F6D8E415AD551200A45C69 /* DoubanServiceSpec.m */,
			);
			name = services;
			sourceTree = "<group>";
		};
/* End PBXGroup section */

/* Begin PBXNativeTarget section */
		49A5FC60159C7B3A0092C640 /* UnitTests */ = {
			isa = PBXNativeTarget;
			buildConfigurationList = 49A5FC6F159C7B3A0092C640 /* Build configuration list for PBXNativeTarget "UnitTests" */;
			buildPhases = (
				49A5FC5C159C7B3A0092C640 /* Sources */,
				49A5FC5D159C7B3A0092C640 /* Frameworks */,
				49A5FC5E159C7B3A0092C640 /* Resources */,
				49A5FC5F159C7B3A0092C640 /* ShellScript */,
			);
			buildRules = (
			);
			dependencies = (
				49F6D8DF15AD402D00A45C69 /* PBXTargetDependency */,
				4954B8DF15AD177700FF2424 /* PBXTargetDependency */,
				4954B8DC15AD175F00FF2424 /* PBXTargetDependency */,
			);
			name = UnitTests;
			productName = UnitTests;
			productReference = 49A5FC61159C7B3A0092C640 /* UnitTests.octest */;
			productType = "com.apple.product-type.bundle";
		};
		49ED10A1159072A30092CF9D /* DiscoverBook */ = {
			isa = PBXNativeTarget;
			buildConfigurationList = 49ED10C0159072A30092CF9D /* Build configuration list for PBXNativeTarget "DiscoverBook" */;
			buildPhases = (
				49ED109E159072A30092CF9D /* Sources */,
				49ED109F159072A30092CF9D /* Frameworks */,
				49ED10A0159072A30092CF9D /* Resources */,
			);
			buildRules = (
			);
			dependencies = (
				4950F75115AA958A00190D85 /* PBXTargetDependency */,
				49A1341D15A684D700C7CACE /* PBXTargetDependency */,
				49A1341B15A684CE00C7CACE /* PBXTargetDependency */,
				49A56D6C15A678A10057D161 /* PBXTargetDependency */,
				49ED10E015916BEE0092CF9D /* PBXTargetDependency */,
			);
			name = DiscoverBook;
			productName = DiscoverBook;
			productReference = 49ED10A2159072A30092CF9D /* DiscoverBook.app */;
			productType = "com.apple.product-type.application";
		};
/* End PBXNativeTarget section */

/* Begin PBXProject section */
		49ED1099159072A30092CF9D /* Project object */ = {
			isa = PBXProject;
			attributes = {
				LastUpgradeCheck = 0430;
				ORGANIZATIONNAME = ThoughtWorks;
			};
			buildConfigurationList = 49ED109C159072A30092CF9D /* Build configuration list for PBXProject "DiscoverBook" */;
			compatibilityVersion = "Xcode 3.2";
			developmentRegion = English;
			hasScannedForEncodings = 0;
			knownRegions = (
				en,
			);
			mainGroup = 49ED1097159072A30092CF9D;
			productRefGroup = 49ED10A3159072A30092CF9D /* Products */;
			projectDirPath = "";
			projectReferences = (
				{
					ProductGroup = 4950F73D15AA93E100190D85 /* Products */;
					ProjectRef = 4950F73C15AA93E100190D85 /* Box2D.xcodeproj */;
				},
				{
					ProductGroup = 49A56C6415A678440057D161 /* Products */;
					ProjectRef = 49A56C6315A678440057D161 /* cocos2d-ios.xcodeproj */;
				},
				{
					ProductGroup = 49ED10D415916B150092CF9D /* Products */;
					ProjectRef = 49ED10D315916B150092CF9D /* DoubanAPIEngine.xcodeproj */;
				},
				{
					ProductGroup = 49A5FC4A159C7A4C0092C640 /* Products */;
					ProjectRef = 49A5FC49159C7A4C0092C640 /* Kiwi.xcodeproj */;
				},
			);
			projectRoot = "";
			targets = (
				49ED10A1159072A30092CF9D /* DiscoverBook */,
				49A5FC60159C7B3A0092C640 /* UnitTests */,
			);
		};
/* End PBXProject section */

/* Begin PBXReferenceProxy section */
		4950F74915AA93E100190D85 /* libBox2D.a */ = {
			isa = PBXReferenceProxy;
			fileType = archive.ar;
			path = libBox2D.a;
			remoteRef = 4950F74815AA93E100190D85 /* PBXContainerItemProxy */;
			sourceTree = BUILT_PRODUCTS_DIR;
		};
		4950F74B15AA93E100190D85 /* libGLUI.a */ = {
			isa = PBXReferenceProxy;
			fileType = archive.ar;
			path = libGLUI.a;
			remoteRef = 4950F74A15AA93E100190D85 /* PBXContainerItemProxy */;
			sourceTree = BUILT_PRODUCTS_DIR;
		};
		49A56CEB15A678480057D161 /* libcocos2d.a */ = {
			isa = PBXReferenceProxy;
			fileType = archive.ar;
			path = libcocos2d.a;
			remoteRef = 49A56CEA15A678480057D161 /* PBXContainerItemProxy */;
			sourceTree = BUILT_PRODUCTS_DIR;
		};
		49A56CED15A678480057D161 /* libcocos2d-documentation.a */ = {
			isa = PBXReferenceProxy;
			fileType = archive.ar;
			path = "libcocos2d-documentation.a";
			remoteRef = 49A56CEC15A678480057D161 /* PBXContainerItemProxy */;
			sourceTree = BUILT_PRODUCTS_DIR;
		};
		49A56CEF15A678480057D161 /* libCocosDenshion.a */ = {
			isa = PBXReferenceProxy;
			fileType = archive.ar;
			path = libCocosDenshion.a;
			remoteRef = 49A56CEE15A678480057D161 /* PBXContainerItemProxy */;
			sourceTree = BUILT_PRODUCTS_DIR;
		};
		49A56CF115A678480057D161 /* libcocos Live.a */ = {
			isa = PBXReferenceProxy;
			fileType = archive.ar;
			path = "libcocos Live.a";
			remoteRef = 49A56CF015A678480057D161 /* PBXContainerItemProxy */;
			sourceTree = BUILT_PRODUCTS_DIR;
		};
		49A56CF315A678480057D161 /* libFontLabel.a */ = {
			isa = PBXReferenceProxy;
			fileType = archive.ar;
			path = libFontLabel.a;
			remoteRef = 49A56CF215A678480057D161 /* PBXContainerItemProxy */;
			sourceTree = BUILT_PRODUCTS_DIR;
		};
		49A56CF515A678480057D161 /* liblibpng.a */ = {
			isa = PBXReferenceProxy;
			fileType = archive.ar;
			path = liblibpng.a;
			remoteRef = 49A56CF415A678480057D161 /* PBXContainerItemProxy */;
			sourceTree = BUILT_PRODUCTS_DIR;
		};
		49A56CF715A678480057D161 /* libTouchJSON.a */ = {
			isa = PBXReferenceProxy;
			fileType = archive.ar;
			path = libTouchJSON.a;
			remoteRef = 49A56CF615A678480057D161 /* PBXContainerItemProxy */;
			sourceTree = BUILT_PRODUCTS_DIR;
		};
		49A56CF915A678480057D161 /* libvorbis.a */ = {
			isa = PBXReferenceProxy;
			fileType = archive.ar;
			path = libvorbis.a;
			remoteRef = 49A56CF815A678480057D161 /* PBXContainerItemProxy */;
			sourceTree = BUILT_PRODUCTS_DIR;
		};
		49A5FC55159C7A4C0092C640 /* libKiwi.a */ = {
			isa = PBXReferenceProxy;
			fileType = archive.ar;
			path = libKiwi.a;
			remoteRef = 49A5FC54159C7A4C0092C640 /* PBXContainerItemProxy */;
			sourceTree = BUILT_PRODUCTS_DIR;
		};
		49A5FC57159C7A4C0092C640 /* libKiwi-OSX.a */ = {
			isa = PBXReferenceProxy;
			fileType = archive.ar;
			path = "libKiwi-OSX.a";
			remoteRef = 49A5FC56159C7A4C0092C640 /* PBXContainerItemProxy */;
			sourceTree = BUILT_PRODUCTS_DIR;
		};
		49A5FC59159C7A4C0092C640 /* KiwiTests.octest */ = {
			isa = PBXReferenceProxy;
			fileType = wrapper.cfbundle;
			path = KiwiTests.octest;
			remoteRef = 49A5FC58159C7A4C0092C640 /* PBXContainerItemProxy */;
			sourceTree = BUILT_PRODUCTS_DIR;
		};
		49A5FC5B159C7A4C0092C640 /* KiwiExamples.octest */ = {
			isa = PBXReferenceProxy;
			fileType = wrapper.cfbundle;
			path = KiwiExamples.octest;
			remoteRef = 49A5FC5A159C7A4C0092C640 /* PBXContainerItemProxy */;
			sourceTree = BUILT_PRODUCTS_DIR;
		};
		49ED10DC15916B160092CF9D /* libDoubanAPIEngine.a */ = {
			isa = PBXReferenceProxy;
			fileType = archive.ar;
			path = libDoubanAPIEngine.a;
			remoteRef = 49ED10DB15916B160092CF9D /* PBXContainerItemProxy */;
			sourceTree = BUILT_PRODUCTS_DIR;
		};
		49ED10DE15916B160092CF9D /* DoubanAPIEngineTests.octest */ = {
			isa = PBXReferenceProxy;
			fileType = wrapper.cfbundle;
			path = DoubanAPIEngineTests.octest;
			remoteRef = 49ED10DD15916B160092CF9D /* PBXContainerItemProxy */;
			sourceTree = BUILT_PRODUCTS_DIR;
		};
/* End PBXReferenceProxy section */

/* Begin PBXResourcesBuildPhase section */
		49A5FC5E159C7B3A0092C640 /* Resources */ = {
			isa = PBXResourcesBuildPhase;
			buildActionMask = 2147483647;
			files = (
				490D3C7115A2B782006A7FD3 /* InfoPlist.strings in Resources */,
				497489B315AC2FAE00CDE0C4 /* people_entry.xml in Resources */,
			);
			runOnlyForDeploymentPostprocessing = 0;
		};
		49ED10A0159072A30092CF9D /* Resources */ = {
			isa = PBXResourcesBuildPhase;
			buildActionMask = 2147483647;
			files = (
				49ED110E15917B410092CF9D /* InfoPlist.strings in Resources */,
				4912EBF7159D700A000D469C /* README.txt in Resources */,
				4912EBF8159D700A000D469C /* release_notes.txt in Resources */,
				49ED111015917D050092CFA6 /* default_book_cover.jpg in Resources */,
				49ED111015917D050092CFA8 /* round_corner_bg.png in Resources */,
				49ED111015917D050092CFAA /* default_contact.png in Resources */,
				49BE40C315AC00C3002161A8 /* blackArrow.png in Resources */,
				49BE40C415AC00C3002161A8 /* blackArrow@2x.png in Resources */,
				49BE40C515AC00C3002161A8 /* blueArrow.png in Resources */,
				49BE40C615AC00C3002161A8 /* blueArrow@2x.png in Resources */,
				49BE40C715AC00C3002161A8 /* grayArrow.png in Resources */,
				49BE40C815AC00C3002161A8 /* grayArrow@2x.png in Resources */,
				49BE40C915AC00C3002161A8 /* whiteArrow.png in Resources */,
				49BE40CA15AC00C3002161A8 /* whiteArrow@2x.png in Resources */,
				49203C7015B4F1310047A757 /* cry.png in Resources */,
				49090A4415D10C9D0060A82A /* MainStoryboard_iPad.storyboard in Resources */,
				49090A4515D10C9D0060A82A /* MainStoryboard_iPhone.storyboard in Resources */,
				494976A715D1ED9500D44383 /* tags.txt in Resources */,
			);
			runOnlyForDeploymentPostprocessing = 0;
		};
/* End PBXResourcesBuildPhase section */

/* Begin PBXShellScriptBuildPhase section */
		49A5FC5F159C7B3A0092C640 /* ShellScript */ = {
			isa = PBXShellScriptBuildPhase;
			buildActionMask = 2147483647;
			files = (
			);
			inputPaths = (
			);
			outputPaths = (
			);
			runOnlyForDeploymentPostprocessing = 0;
			shellPath = /bin/sh;
			shellScript = "# Run the unit tests in this test bundle.\n\"${SYSTEM_DEVELOPER_DIR}/Tools/RunUnitTests\"\n";
		};
/* End PBXShellScriptBuildPhase section */

/* Begin PBXSourcesBuildPhase section */
		49A5FC5C159C7B3A0092C640 /* Sources */ = {
			isa = PBXSourcesBuildPhase;
			buildActionMask = 2147483647;
			files = (
				497489B515AC2FBC00CDE0C4 /* UserSpec.m in Sources */,
				497489B915AC301300CDE0C4 /* User.m in Sources */,
				497489BA15AC301600CDE0C4 /* Book.m in Sources */,
				4954B8D515AD13A500FF2424 /* RootControllerSpec.mm in Sources */,
				4954B8D615AD153400FF2424 /* RootController.mm in Sources */,
				4954B8D715AD153A00FF2424 /* SearchViewController.mm in Sources */,
				4954B8D815AD172700FF2424 /* SearchViewLayer.mm in Sources */,
				4954B8D915AD172B00FF2424 /* GLES-Render.mm in Sources */,
				4954B8DA15AD173000FF2424 /* EGORefreshTableHeaderView.m in Sources */,
				4954B8FF15AD1C8200FF2424 /* MyTableViewController.m in Sources */,
				4954B90115AD1C8800FF2424 /* MyBookController.m in Sources */,
				4954B90215AD1C8E00FF2424 /* BookDetailsController.m in Sources */,
				4954B90315AD1C9300FF2424 /* MyContactController.m in Sources */,
				4954B90415AD1D2100FF2424 /* NSArray+Additions.m in Sources */,
				49F6D8E115AD4C5F00A45C69 /* DoubanService.m in Sources */,
				49F6D8E515AD551200A45C69 /* DoubanServiceSpec.m in Sources */,
				49203C4915B4ECA60047A757 /* Toast+UIView.m in Sources */,
				4948F7EC15D12C7800C15C23 /* WheelView.m in Sources */,
				4948F7EE15D12C7800C15C23 /* WheelViewCell.m in Sources */,
				4948F7F315D12D8B00C15C23 /* RootViewController_iPad.m in Sources */,
				4948F7F715D12DC900C15C23 /* SpinGestureRecognizer.m in Sources */,
				4948F7FB15D12F4900C15C23 /* GlobalConfig.m in Sources */,
				4930BB4A15D3974000AE6256 /* DoubanAuthorizationViewController.m in Sources */,
			);
			runOnlyForDeploymentPostprocessing = 0;
		};
		49ED109E159072A30092CF9D /* Sources */ = {
			isa = PBXSourcesBuildPhase;
			buildActionMask = 2147483647;
			files = (
				49ED110F15917CFA0092CF9D /* AppDelegate.m in Sources */,
				49ED111015917D050092CF9D /* main.m in Sources */,
				493FC5A11591A9B900652D98 /* NSString+Additions.m in Sources */,
				49BCF6AB1592BDC1005DD14E /* MyBookController.m in Sources */,
				49BCF6C31592CA22005DD14E /* NSArray+Additions.m in Sources */,
				49703EAE15985AF7004CA5E9 /* DoubanService.m in Sources */,
				49A5FC36159C76E40092C640 /* User.m in Sources */,
				49A5FC39159C76ED0092C640 /* IntrospectManager.m in Sources */,
				4912EBAE159C8745000D469C /* DCCrossHairView.m in Sources */,
				4912EBAF159C8745000D469C /* DCFrameView.m in Sources */,
				4912EBB0159C8745000D469C /* DCIntrospect.m in Sources */,
				4912EBB1159C8745000D469C /* DCStatusBarOverlay.m in Sources */,
				49B9D77B15A1843500B4C734 /* AFHTTPClient.m in Sources */,
				49B9D77C15A1843500B4C734 /* AFHTTPRequestOperation.m in Sources */,
				49B9D77D15A1843500B4C734 /* AFImageRequestOperation.m in Sources */,
				49B9D77E15A1843500B4C734 /* AFJSONRequestOperation.m in Sources */,
				49B9D77F15A1843500B4C734 /* AFJSONUtilities.m in Sources */,
				49B9D78015A1843500B4C734 /* AFNetworkActivityIndicatorManager.m in Sources */,
				49B9D78115A1843500B4C734 /* AFPropertyListRequestOperation.m in Sources */,
				49B9D78215A1843500B4C734 /* AFURLConnectionOperation.m in Sources */,
				49B9D78315A1843500B4C734 /* AFXMLRequestOperation.m in Sources */,
				49B9D78415A1843500B4C734 /* UIImageView+AFNetworking.m in Sources */,
				4979473B15A1CADF00DA964E /* RootController.mm in Sources */,
				4946A5D415A4570300C16C87 /* MyContactController.m in Sources */,
				4946A64915A465D100C16C87 /* MyTableViewController.m in Sources */,
				4946A68715A46D6000C16C87 /* TWImageView+Additions.m in Sources */,
				49A1310F15A67BD400C7CACE /* SearchViewController.mm in Sources */,
				49A131AC15A67E5D00C7CACE /* SearchViewLayer.mm in Sources */,
				49A1344115A68EF200C7CACE /* GLES-Render.mm in Sources */,
				4950F75315AA988200190D85 /* BookDetailsController.m in Sources */,
				49BE40B015ABC7EB002161A8 /* Book.m in Sources */,
				49BE40BA15AC00A0002161A8 /* EGORefreshTableHeaderView.m in Sources */,
				49203C4815B4ECA60047A757 /* Toast+UIView.m in Sources */,
				4948F7EB15D12C7800C15C23 /* WheelView.m in Sources */,
				4948F7ED15D12C7800C15C23 /* WheelViewCell.m in Sources */,
				4948F7F215D12D8B00C15C23 /* RootViewController_iPad.m in Sources */,
				4948F7F615D12DC900C15C23 /* SpinGestureRecognizer.m in Sources */,
				4948F7FA15D12F4900C15C23 /* GlobalConfig.m in Sources */,
				4930BB4915D3974000AE6256 /* DoubanAuthorizationViewController.m in Sources */,
			);
			runOnlyForDeploymentPostprocessing = 0;
		};
/* End PBXSourcesBuildPhase section */

/* Begin PBXTargetDependency section */
		4950F75115AA958A00190D85 /* PBXTargetDependency */ = {
			isa = PBXTargetDependency;
			name = Box2D;
			targetProxy = 4950F75015AA958A00190D85 /* PBXContainerItemProxy */;
		};
		4954B8DC15AD175F00FF2424 /* PBXTargetDependency */ = {
			isa = PBXTargetDependency;
			name = cocos2d;
			targetProxy = 4954B8DB15AD175F00FF2424 /* PBXContainerItemProxy */;
		};
		4954B8DF15AD177700FF2424 /* PBXTargetDependency */ = {
			isa = PBXTargetDependency;
			name = Box2D;
			targetProxy = 4954B8DE15AD177700FF2424 /* PBXContainerItemProxy */;
		};
		49A1341B15A684CE00C7CACE /* PBXTargetDependency */ = {
			isa = PBXTargetDependency;
			name = CocosDenshion;
			targetProxy = 49A1341A15A684CE00C7CACE /* PBXContainerItemProxy */;
		};
		49A1341D15A684D700C7CACE /* PBXTargetDependency */ = {
			isa = PBXTargetDependency;
			name = cocosLive;
			targetProxy = 49A1341C15A684D700C7CACE /* PBXContainerItemProxy */;
		};
		49A56D6C15A678A10057D161 /* PBXTargetDependency */ = {
			isa = PBXTargetDependency;
			name = cocos2d;
			targetProxy = 49A56D6B15A678A10057D161 /* PBXContainerItemProxy */;
		};
		49ED10E015916BEE0092CF9D /* PBXTargetDependency */ = {
			isa = PBXTargetDependency;
			name = DoubanAPIEngine;
			targetProxy = 49ED10DF15916BEE0092CF9D /* PBXContainerItemProxy */;
		};
		49F6D8DF15AD402D00A45C69 /* PBXTargetDependency */ = {
			isa = PBXTargetDependency;
			name = DoubanAPIEngine;
			targetProxy = 49F6D8DE15AD402D00A45C69 /* PBXContainerItemProxy */;
		};
/* End PBXTargetDependency section */

/* Begin PBXVariantGroup section */
		49090A4015D10C9D0060A82A /* MainStoryboard_iPad.storyboard */ = {
			isa = PBXVariantGroup;
			children = (
				49090A4115D10C9D0060A82A /* en */,
			);
			name = MainStoryboard_iPad.storyboard;
			sourceTree = "<group>";
		};
		49090A4215D10C9D0060A82A /* MainStoryboard_iPhone.storyboard */ = {
			isa = PBXVariantGroup;
			children = (
				49090A4315D10C9D0060A82A /* en */,
			);
			name = MainStoryboard_iPhone.storyboard;
			sourceTree = "<group>";
		};
		493BB48E159C7EAC00E99887 /* InfoPlist.strings */ = {
			isa = PBXVariantGroup;
			children = (
				493BB48F159C7EAC00E99887 /* en */,
			);
			name = InfoPlist.strings;
			sourceTree = "<group>";
		};
		49ED110C15917B410092CF9D /* InfoPlist.strings */ = {
			isa = PBXVariantGroup;
			children = (
				49ED110D15917B410092CF9D /* en */,
			);
			name = InfoPlist.strings;
			sourceTree = "<group>";
		};
/* End PBXVariantGroup section */

/* Begin XCBuildConfiguration section */
		49A5FC70159C7B3A0092C640 /* Debug */ = {
			isa = XCBuildConfiguration;
			baseConfigurationReference = 4912EBB2159C896C000D469C /* UnitTests.xcconfig */;
			buildSettings = {
			};
			name = Debug;
		};
		49A5FC71159C7B3A0092C640 /* Release */ = {
			isa = XCBuildConfiguration;
			baseConfigurationReference = 4912EBB2159C896C000D469C /* UnitTests.xcconfig */;
			buildSettings = {
			};
			name = Release;
		};
		49ED10BE159072A30092CF9D /* Debug */ = {
			isa = XCBuildConfiguration;
			baseConfigurationReference = 4912EB8B159C8486000D469C /* Debug.xcconfig */;
			buildSettings = {
				"CODE_SIGN_IDENTITY[sdk=iphoneos*]" = "iPhone Developer";
			};
			name = Debug;
		};
		49ED10BF159072A30092CF9D /* Release */ = {
			isa = XCBuildConfiguration;
			baseConfigurationReference = 4912EB8D159C84A3000D469C /* Release.xcconfig */;
			buildSettings = {
				"CODE_SIGN_IDENTITY[sdk=iphoneos*]" = "iPhone Developer";
			};
			name = Release;
		};
		49ED10C1159072A30092CF9D /* Debug */ = {
			isa = XCBuildConfiguration;
			baseConfigurationReference = 4912EB8B159C8486000D469C /* Debug.xcconfig */;
			buildSettings = {
				CODE_SIGN_IDENTITY = "iPhone Developer: Lei Zhang (TED6CQ59XN)";
				IPHONEOS_DEPLOYMENT_TARGET = 5.1;
				PROVISIONING_PROFILE = "84920B61-1329-41BF-A85D-C8864A5B43EC";
				TARGETED_DEVICE_FAMILY = "1,2";
				USER_HEADER_SEARCH_PATHS = "${PROJECT_DIR}/../lib/douban-objc-client/DoubanAPIEngine/** ${PROJECT_DIR}/../lib/cocos2d-iphone-1.0.1/** \"${PROJECT_DIR}/../lib/cocos2d-iphone-1.0.1/** \"${PROJECT_DIR}/../lib/cocos2d-iphone-1.0.1/** \"${PROJECT_DIR}/../lib/douban-objc-client/DoubanAPIEngine/** \"${PROJECT_DIR}/../lib/douban-objc-client/DoubanAPIEngine/** \"${PROJECT_DIR}/../lib/douban-objc-client/DoubanAPIEngine/** \"${PROJECT_DIR}/../lib/douban-objc-client/DoubanAPIEngine/**";
				VERSION_INFO_BUILDER = 1.0;
			};
			name = Debug;
		};
		49ED10C2159072A30092CF9D /* Release */ = {
			isa = XCBuildConfiguration;
			baseConfigurationReference = 4912EB8D159C84A3000D469C /* Release.xcconfig */;
			buildSettings = {
				CODE_SIGN_IDENTITY = "iPhone Developer: Lei Zhang (TED6CQ59XN)";
				IPHONEOS_DEPLOYMENT_TARGET = 5.1;
				PROVISIONING_PROFILE = "84920B61-1329-41BF-A85D-C8864A5B43EC";
				TARGETED_DEVICE_FAMILY = "1,2";
				USER_HEADER_SEARCH_PATHS = "${PROJECT_DIR}/../lib/douban-objc-client/DoubanAPIEngine/** ${PROJECT_DIR}/../lib/cocos2d-iphone-1.0.1/** \"${PROJECT_DIR}/../lib/cocos2d-iphone-1.0.1/** \"${PROJECT_DIR}/../lib/cocos2d-iphone-1.0.1/** \"${PROJECT_DIR}/../lib/douban-objc-client/DoubanAPIEngine/** \"${PROJECT_DIR}/../lib/douban-objc-client/DoubanAPIEngine/** \"${PROJECT_DIR}/../lib/douban-objc-client/DoubanAPIEngine/** \"${PROJECT_DIR}/../lib/douban-objc-client/DoubanAPIEngine/**";
				VERSION_INFO_BUILDER = 1.0;
			};
			name = Release;
		};
/* End XCBuildConfiguration section */

/* Begin XCConfigurationList section */
		49A5FC6F159C7B3A0092C640 /* Build configuration list for PBXNativeTarget "UnitTests" */ = {
			isa = XCConfigurationList;
			buildConfigurations = (
				49A5FC70159C7B3A0092C640 /* Debug */,
				49A5FC71159C7B3A0092C640 /* Release */,
			);
			defaultConfigurationIsVisible = 0;
			defaultConfigurationName = Release;
		};
		49ED109C159072A30092CF9D /* Build configuration list for PBXProject "DiscoverBook" */ = {
			isa = XCConfigurationList;
			buildConfigurations = (
				49ED10BE159072A30092CF9D /* Debug */,
				49ED10BF159072A30092CF9D /* Release */,
			);
			defaultConfigurationIsVisible = 0;
			defaultConfigurationName = Release;
		};
		49ED10C0159072A30092CF9D /* Build configuration list for PBXNativeTarget "DiscoverBook" */ = {
			isa = XCConfigurationList;
			buildConfigurations = (
				49ED10C1159072A30092CF9D /* Debug */,
				49ED10C2159072A30092CF9D /* Release */,
			);
			defaultConfigurationIsVisible = 0;
			defaultConfigurationName = Release;
		};
/* End XCConfigurationList section */
	};
	rootObject = 49ED1099159072A30092CF9D /* Project object */;
}
