// !$*UTF8*$!
{
	archiveVersion = 1;
	classes = {
	};
	objectVersion = 46;
	objects = {

/* Begin PBXBuildFile section */
		4912EB87159C8047000D469C /* MathSpec.m in Sources */ = {isa = PBXBuildFile; fileRef = 4912EB86159C8047000D469C /* MathSpec.m */; };
		4912EB8A159C8469000D469C /* Shared.xcconfig in Resources */ = {isa = PBXBuildFile; fileRef = 4912EB89159C8469000D469C /* Shared.xcconfig */; };
		4912EB8C159C8486000D469C /* Debug.xcconfig in Resources */ = {isa = PBXBuildFile; fileRef = 4912EB8B159C8486000D469C /* Debug.xcconfig */; };
		4912EB8E159C84A3000D469C /* Release.xcconfig in Resources */ = {isa = PBXBuildFile; fileRef = 4912EB8D159C84A3000D469C /* Release.xcconfig */; };
		4912EBAE159C8745000D469C /* DCCrossHairView.m in Sources */ = {isa = PBXBuildFile; fileRef = 4912EBA6159C8745000D469C /* DCCrossHairView.m */; settings = {COMPILER_FLAGS = "-fno-objc-arc"; }; };
		4912EBAF159C8745000D469C /* DCFrameView.m in Sources */ = {isa = PBXBuildFile; fileRef = 4912EBA8159C8745000D469C /* DCFrameView.m */; settings = {COMPILER_FLAGS = "-fno-objc-arc"; }; };
		4912EBB0159C8745000D469C /* DCIntrospect.m in Sources */ = {isa = PBXBuildFile; fileRef = 4912EBAA159C8745000D469C /* DCIntrospect.m */; settings = {COMPILER_FLAGS = "-fno-objc-arc"; }; };
		4912EBB1159C8745000D469C /* DCStatusBarOverlay.m in Sources */ = {isa = PBXBuildFile; fileRef = 4912EBAD159C8745000D469C /* DCStatusBarOverlay.m */; settings = {COMPILER_FLAGS = "-fno-objc-arc"; }; };
		4912EBB3159C896C000D469C /* UnitTests.xcconfig in Resources */ = {isa = PBXBuildFile; fileRef = 4912EBB2159C896C000D469C /* UnitTests.xcconfig */; };
		493BB48D159C7EA600E99887 /* UnitTests-Info.plist in Resources */ = {isa = PBXBuildFile; fileRef = 493BB48B159C7EA600E99887 /* UnitTests-Info.plist */; };
		493BB490159C7EAC00E99887 /* InfoPlist.strings in Resources */ = {isa = PBXBuildFile; fileRef = 493BB48E159C7EAC00E99887 /* InfoPlist.strings */; };
		493FC5A11591A9B900652D98 /* NSString+Additions.m in Sources */ = {isa = PBXBuildFile; fileRef = 49ED10FF15917A890092CF9D /* NSString+Additions.m */; };
		49703E9E15985760004CA5E9 /* DOUOAuthStore+Additions.m in Sources */ = {isa = PBXBuildFile; fileRef = 49703E9D15985760004CA5E9 /* DOUOAuthStore+Additions.m */; };
		49703EAE15985AF7004CA5E9 /* DOUService+Additions.m in Sources */ = {isa = PBXBuildFile; fileRef = 49703EAD15985AF7004CA5E9 /* DOUService+Additions.m */; };
		49A5FC32159C76870092C640 /* QuartzCore.framework in Frameworks */ = {isa = PBXBuildFile; fileRef = 4998957515998E8A0048B5B3 /* QuartzCore.framework */; };
		49A5FC36159C76E40092C640 /* User.m in Sources */ = {isa = PBXBuildFile; fileRef = 49A5FC35159C76E40092C640 /* User.m */; };
		49A5FC39159C76ED0092C640 /* IntrospectManager.m in Sources */ = {isa = PBXBuildFile; fileRef = 49A5FC38159C76ED0092C640 /* IntrospectManager.m */; };
		49A5FC62159C7B3A0092C640 /* SenTestingKit.framework in Frameworks */ = {isa = PBXBuildFile; fileRef = 49ED10EE15916C5C0092CF9D /* SenTestingKit.framework */; };
		49A5FC63159C7B3A0092C640 /* UIKit.framework in Frameworks */ = {isa = PBXBuildFile; fileRef = 49ED10A6159072A30092CF9D /* UIKit.framework */; };
		49A5FC64159C7B3A0092C640 /* Foundation.framework in Frameworks */ = {isa = PBXBuildFile; fileRef = 49ED10A8159072A30092CF9D /* Foundation.framework */; };
		49A5FC74159C7BC30092C640 /* libKiwi.a in Frameworks */ = {isa = PBXBuildFile; fileRef = 49A5FC55159C7A4C0092C640 /* libKiwi.a */; };
		49BCF6AB1592BDC1005DD14E /* MyBookController.m in Sources */ = {isa = PBXBuildFile; fileRef = 49BCF6AA1592BDC1005DD14E /* MyBookController.m */; };
		49BCF6C31592CA22005DD14E /* NSArray+Additions.m in Sources */ = {isa = PBXBuildFile; fileRef = 49BCF6C21592CA22005DD14E /* NSArray+Additions.m */; };
		49ED10A7159072A30092CF9D /* UIKit.framework in Frameworks */ = {isa = PBXBuildFile; fileRef = 49ED10A6159072A30092CF9D /* UIKit.framework */; };
		49ED10A9159072A30092CF9D /* Foundation.framework in Frameworks */ = {isa = PBXBuildFile; fileRef = 49ED10A8159072A30092CF9D /* Foundation.framework */; };
		49ED10AB159072A30092CF9D /* CoreGraphics.framework in Frameworks */ = {isa = PBXBuildFile; fileRef = 49ED10AA159072A30092CF9D /* CoreGraphics.framework */; };
		49ED10E115916C050092CF9D /* libDoubanAPIEngine.a in Frameworks */ = {isa = PBXBuildFile; fileRef = 49ED10DC15916B160092CF9D /* libDoubanAPIEngine.a */; };
		49ED10E315916C180092CF9D /* libxml2.dylib in Frameworks */ = {isa = PBXBuildFile; fileRef = 49ED10E215916C180092CF9D /* libxml2.dylib */; };
		49ED10E515916C220092CF9D /* libz.dylib in Frameworks */ = {isa = PBXBuildFile; fileRef = 49ED10E415916C220092CF9D /* libz.dylib */; };
		49ED10E715916C2E0092CF9D /* CFNetwork.framework in Frameworks */ = {isa = PBXBuildFile; fileRef = 49ED10E615916C2E0092CF9D /* CFNetwork.framework */; };
		49ED10E915916C360092CF9D /* Security.framework in Frameworks */ = {isa = PBXBuildFile; fileRef = 49ED10E815916C360092CF9D /* Security.framework */; };
		49ED10EB15916C3D0092CF9D /* SystemConfiguration.framework in Frameworks */ = {isa = PBXBuildFile; fileRef = 49ED10EA15916C3D0092CF9D /* SystemConfiguration.framework */; };
		49ED10ED15916C4B0092CF9D /* MobileCoreServices.framework in Frameworks */ = {isa = PBXBuildFile; fileRef = 49ED10EC15916C4B0092CF9D /* MobileCoreServices.framework */; };
		49ED110415917AEE0092CF9D /* ViewController.m in Sources */ = {isa = PBXBuildFile; fileRef = 49ED110315917A9E0092CF9D /* ViewController.m */; };
		49ED110715917B080092CF9D /* MainStoryboard.storyboard in Resources */ = {isa = PBXBuildFile; fileRef = 49ED110515917B080092CF9D /* MainStoryboard.storyboard */; };
		49ED110E15917B410092CF9D /* InfoPlist.strings in Resources */ = {isa = PBXBuildFile; fileRef = 49ED110C15917B410092CF9D /* InfoPlist.strings */; };
		49ED110F15917CFA0092CF9D /* AppDelegate.m in Sources */ = {isa = PBXBuildFile; fileRef = 49ED110115917A9E0092CF9D /* AppDelegate.m */; };
		49ED111015917D050092CF9D /* main.m in Sources */ = {isa = PBXBuildFile; fileRef = 49ED110A15917B240092CF9D /* main.m */; };
/* End PBXBuildFile section */

/* Begin PBXContainerItemProxy section */
		49A5FC54159C7A4C0092C640 /* PBXContainerItemProxy */ = {
			isa = PBXContainerItemProxy;
			containerPortal = 49A5FC49159C7A4C0092C640 /* Kiwi.xcodeproj */;
			proxyType = 2;
			remoteGlobalIDString = F5015B9F11583A77002E9A98;
			remoteInfo = Kiwi;
		};
		49A5FC56159C7A4C0092C640 /* PBXContainerItemProxy */ = {
			isa = PBXContainerItemProxy;
			containerPortal = 49A5FC49159C7A4C0092C640 /* Kiwi.xcodeproj */;
			proxyType = 2;
			remoteGlobalIDString = 832C83C7157263B300F160D5;
			remoteInfo = "Kiwi-OSX";
		};
		49A5FC58159C7A4C0092C640 /* PBXContainerItemProxy */ = {
			isa = PBXContainerItemProxy;
			containerPortal = 49A5FC49159C7A4C0092C640 /* Kiwi.xcodeproj */;
			proxyType = 2;
			remoteGlobalIDString = F5015C9E11584017002E9A98;
			remoteInfo = KiwiTests;
		};
		49A5FC5A159C7A4C0092C640 /* PBXContainerItemProxy */ = {
			isa = PBXContainerItemProxy;
			containerPortal = 49A5FC49159C7A4C0092C640 /* Kiwi.xcodeproj */;
			proxyType = 2;
			remoteGlobalIDString = A3B16542139967B800E9CC6E;
			remoteInfo = KiwiExamples;
		};
		49ED10DB15916B160092CF9D /* PBXContainerItemProxy */ = {
			isa = PBXContainerItemProxy;
			containerPortal = 49ED10D315916B150092CF9D /* DoubanAPIEngine.xcodeproj */;
			proxyType = 2;
			remoteGlobalIDString = D800D538146907B2009F64FD;
			remoteInfo = DoubanAPIEngine;
		};
		49ED10DD15916B160092CF9D /* PBXContainerItemProxy */ = {
			isa = PBXContainerItemProxy;
			containerPortal = 49ED10D315916B150092CF9D /* DoubanAPIEngine.xcodeproj */;
			proxyType = 2;
			remoteGlobalIDString = D800D548146907B2009F64FD;
			remoteInfo = DoubanAPIEngineTests;
		};
		49ED10DF15916BEE0092CF9D /* PBXContainerItemProxy */ = {
			isa = PBXContainerItemProxy;
			containerPortal = 49ED10D315916B150092CF9D /* DoubanAPIEngine.xcodeproj */;
			proxyType = 1;
			remoteGlobalIDString = D800D537146907B2009F64FD;
			remoteInfo = DoubanAPIEngine;
		};
/* End PBXContainerItemProxy section */

/* Begin PBXFileReference section */
		4912EB86159C8047000D469C /* MathSpec.m */ = {isa = PBXFileReference; fileEncoding = 4; lastKnownFileType = sourcecode.c.objc; name = MathSpec.m; path = test/MathSpec.m; sourceTree = SOURCE_ROOT; };
		4912EB89159C8469000D469C /* Shared.xcconfig */ = {isa = PBXFileReference; fileEncoding = 4; lastKnownFileType = text.xcconfig; name = Shared.xcconfig; path = config/Shared.xcconfig; sourceTree = "<group>"; };
		4912EB8B159C8486000D469C /* Debug.xcconfig */ = {isa = PBXFileReference; fileEncoding = 4; lastKnownFileType = text.xcconfig; name = Debug.xcconfig; path = config/Debug.xcconfig; sourceTree = "<group>"; };
		4912EB8D159C84A3000D469C /* Release.xcconfig */ = {isa = PBXFileReference; fileEncoding = 4; lastKnownFileType = text.xcconfig; name = Release.xcconfig; path = config/Release.xcconfig; sourceTree = "<group>"; };
		4912EBA5159C8745000D469C /* DCCrossHairView.h */ = {isa = PBXFileReference; fileEncoding = 4; lastKnownFileType = sourcecode.c.h; path = DCCrossHairView.h; sourceTree = "<group>"; };
		4912EBA6159C8745000D469C /* DCCrossHairView.m */ = {isa = PBXFileReference; fileEncoding = 4; lastKnownFileType = sourcecode.c.objc; path = DCCrossHairView.m; sourceTree = "<group>"; };
		4912EBA7159C8745000D469C /* DCFrameView.h */ = {isa = PBXFileReference; fileEncoding = 4; lastKnownFileType = sourcecode.c.h; path = DCFrameView.h; sourceTree = "<group>"; };
		4912EBA8159C8745000D469C /* DCFrameView.m */ = {isa = PBXFileReference; fileEncoding = 4; lastKnownFileType = sourcecode.c.objc; path = DCFrameView.m; sourceTree = "<group>"; };
		4912EBA9159C8745000D469C /* DCIntrospect.h */ = {isa = PBXFileReference; fileEncoding = 4; lastKnownFileType = sourcecode.c.h; path = DCIntrospect.h; sourceTree = "<group>"; };
		4912EBAA159C8745000D469C /* DCIntrospect.m */ = {isa = PBXFileReference; fileEncoding = 4; lastKnownFileType = sourcecode.c.objc; path = DCIntrospect.m; sourceTree = "<group>"; };
		4912EBAB159C8745000D469C /* DCIntrospectSettings.h */ = {isa = PBXFileReference; fileEncoding = 4; lastKnownFileType = sourcecode.c.h; path = DCIntrospectSettings.h; sourceTree = "<group>"; };
		4912EBAC159C8745000D469C /* DCStatusBarOverlay.h */ = {isa = PBXFileReference; fileEncoding = 4; lastKnownFileType = sourcecode.c.h; path = DCStatusBarOverlay.h; sourceTree = "<group>"; };
		4912EBAD159C8745000D469C /* DCStatusBarOverlay.m */ = {isa = PBXFileReference; fileEncoding = 4; lastKnownFileType = sourcecode.c.objc; path = DCStatusBarOverlay.m; sourceTree = "<group>"; };
		4912EBB2159C896C000D469C /* UnitTests.xcconfig */ = {isa = PBXFileReference; fileEncoding = 4; lastKnownFileType = text.xcconfig; name = UnitTests.xcconfig; path = config/UnitTests.xcconfig; sourceTree = "<group>"; };
		493BB48B159C7EA600E99887 /* UnitTests-Info.plist */ = {isa = PBXFileReference; fileEncoding = 4; lastKnownFileType = text.plist.xml; name = "UnitTests-Info.plist"; path = "test/UnitTests-Info.plist"; sourceTree = SOURCE_ROOT; };
		493BB48C159C7EA600E99887 /* UnitTests-Prefix.pch */ = {isa = PBXFileReference; fileEncoding = 4; lastKnownFileType = sourcecode.c.h; name = "UnitTests-Prefix.pch"; path = "test/UnitTests-Prefix.pch"; sourceTree = SOURCE_ROOT; };
		493BB48F159C7EAC00E99887 /* en */ = {isa = PBXFileReference; lastKnownFileType = text.plist.strings; name = en; path = test/en.lproj/InfoPlist.strings; sourceTree = SOURCE_ROOT; };
		49703E9C15985760004CA5E9 /* DOUOAuthStore+Additions.h */ = {isa = PBXFileReference; fileEncoding = 4; lastKnownFileType = sourcecode.c.h; name = "DOUOAuthStore+Additions.h"; path = "src/DOUOAuthStore+Additions.h"; sourceTree = SOURCE_ROOT; };
		49703E9D15985760004CA5E9 /* DOUOAuthStore+Additions.m */ = {isa = PBXFileReference; fileEncoding = 4; lastKnownFileType = sourcecode.c.objc; name = "DOUOAuthStore+Additions.m"; path = "src/DOUOAuthStore+Additions.m"; sourceTree = SOURCE_ROOT; };
		49703EAC15985AF7004CA5E9 /* DOUService+Additions.h */ = {isa = PBXFileReference; fileEncoding = 4; lastKnownFileType = sourcecode.c.h; name = "DOUService+Additions.h"; path = "src/DOUService+Additions.h"; sourceTree = SOURCE_ROOT; };
		49703EAD15985AF7004CA5E9 /* DOUService+Additions.m */ = {isa = PBXFileReference; fileEncoding = 4; lastKnownFileType = sourcecode.c.objc; name = "DOUService+Additions.m"; path = "src/DOUService+Additions.m"; sourceTree = SOURCE_ROOT; };
		4998957515998E8A0048B5B3 /* QuartzCore.framework */ = {isa = PBXFileReference; lastKnownFileType = wrapper.framework; name = QuartzCore.framework; path = System/Library/Frameworks/QuartzCore.framework; sourceTree = SDKROOT; };
		49A5FC34159C76E40092C640 /* User.h */ = {isa = PBXFileReference; fileEncoding = 4; lastKnownFileType = sourcecode.c.h; name = User.h; path = src/User.h; sourceTree = SOURCE_ROOT; };
		49A5FC35159C76E40092C640 /* User.m */ = {isa = PBXFileReference; fileEncoding = 4; lastKnownFileType = sourcecode.c.objc; name = User.m; path = src/User.m; sourceTree = SOURCE_ROOT; };
		49A5FC37159C76ED0092C640 /* IntrospectManager.h */ = {isa = PBXFileReference; fileEncoding = 4; lastKnownFileType = sourcecode.c.h; name = IntrospectManager.h; path = src/IntrospectManager.h; sourceTree = SOURCE_ROOT; };
		49A5FC38159C76ED0092C640 /* IntrospectManager.m */ = {isa = PBXFileReference; fileEncoding = 4; lastKnownFileType = sourcecode.c.objc; name = IntrospectManager.m; path = src/IntrospectManager.m; sourceTree = SOURCE_ROOT; };
		49A5FC49159C7A4C0092C640 /* Kiwi.xcodeproj */ = {isa = PBXFileReference; lastKnownFileType = "wrapper.pb-project"; name = Kiwi.xcodeproj; path = ../lib/Kiwi/Kiwi.xcodeproj; sourceTree = "<group>"; };
		49A5FC61159C7B3A0092C640 /* UnitTests.octest */ = {isa = PBXFileReference; explicitFileType = wrapper.cfbundle; includeInIndex = 0; path = UnitTests.octest; sourceTree = BUILT_PRODUCTS_DIR; };
		49BCF6A91592BDC1005DD14E /* MyBookController.h */ = {isa = PBXFileReference; fileEncoding = 4; lastKnownFileType = sourcecode.c.h; name = MyBookController.h; path = src/MyBookController.h; sourceTree = SOURCE_ROOT; };
		49BCF6AA1592BDC1005DD14E /* MyBookController.m */ = {isa = PBXFileReference; fileEncoding = 4; lastKnownFileType = sourcecode.c.objc; name = MyBookController.m; path = src/MyBookController.m; sourceTree = SOURCE_ROOT; };
		49BCF6C11592CA22005DD14E /* NSArray+Additions.h */ = {isa = PBXFileReference; fileEncoding = 4; lastKnownFileType = sourcecode.c.h; name = "NSArray+Additions.h"; path = "src/NSArray+Additions.h"; sourceTree = SOURCE_ROOT; };
		49BCF6C21592CA22005DD14E /* NSArray+Additions.m */ = {isa = PBXFileReference; fileEncoding = 4; lastKnownFileType = sourcecode.c.objc; name = "NSArray+Additions.m"; path = "src/NSArray+Additions.m"; sourceTree = SOURCE_ROOT; };
		49BCF6C41592F0F5005DD14E /* Macros.h */ = {isa = PBXFileReference; lastKnownFileType = sourcecode.c.h; name = Macros.h; path = src/Macros.h; sourceTree = SOURCE_ROOT; };
		49ED10A2159072A30092CF9D /* DiscoverBook.app */ = {isa = PBXFileReference; explicitFileType = wrapper.application; includeInIndex = 0; path = DiscoverBook.app; sourceTree = BUILT_PRODUCTS_DIR; };
		49ED10A6159072A30092CF9D /* UIKit.framework */ = {isa = PBXFileReference; lastKnownFileType = wrapper.framework; name = UIKit.framework; path = System/Library/Frameworks/UIKit.framework; sourceTree = SDKROOT; };
		49ED10A8159072A30092CF9D /* Foundation.framework */ = {isa = PBXFileReference; lastKnownFileType = wrapper.framework; name = Foundation.framework; path = System/Library/Frameworks/Foundation.framework; sourceTree = SDKROOT; };
		49ED10AA159072A30092CF9D /* CoreGraphics.framework */ = {isa = PBXFileReference; lastKnownFileType = wrapper.framework; name = CoreGraphics.framework; path = System/Library/Frameworks/CoreGraphics.framework; sourceTree = SDKROOT; };
		49ED10D315916B150092CF9D /* DoubanAPIEngine.xcodeproj */ = {isa = PBXFileReference; lastKnownFileType = "wrapper.pb-project"; name = DoubanAPIEngine.xcodeproj; path = "../lib/douban-objc-client/DoubanAPIEngine/DoubanAPIEngine.xcodeproj"; sourceTree = "<group>"; };
		49ED10E215916C180092CF9D /* libxml2.dylib */ = {isa = PBXFileReference; lastKnownFileType = "compiled.mach-o.dylib"; name = libxml2.dylib; path = usr/lib/libxml2.dylib; sourceTree = SDKROOT; };
		49ED10E415916C220092CF9D /* libz.dylib */ = {isa = PBXFileReference; lastKnownFileType = "compiled.mach-o.dylib"; name = libz.dylib; path = usr/lib/libz.dylib; sourceTree = SDKROOT; };
		49ED10E615916C2E0092CF9D /* CFNetwork.framework */ = {isa = PBXFileReference; lastKnownFileType = wrapper.framework; name = CFNetwork.framework; path = System/Library/Frameworks/CFNetwork.framework; sourceTree = SDKROOT; };
		49ED10E815916C360092CF9D /* Security.framework */ = {isa = PBXFileReference; lastKnownFileType = wrapper.framework; name = Security.framework; path = System/Library/Frameworks/Security.framework; sourceTree = SDKROOT; };
		49ED10EA15916C3D0092CF9D /* SystemConfiguration.framework */ = {isa = PBXFileReference; lastKnownFileType = wrapper.framework; name = SystemConfiguration.framework; path = System/Library/Frameworks/SystemConfiguration.framework; sourceTree = SDKROOT; };
		49ED10EC15916C4B0092CF9D /* MobileCoreServices.framework */ = {isa = PBXFileReference; lastKnownFileType = wrapper.framework; name = MobileCoreServices.framework; path = System/Library/Frameworks/MobileCoreServices.framework; sourceTree = SDKROOT; };
		49ED10EE15916C5C0092CF9D /* SenTestingKit.framework */ = {isa = PBXFileReference; lastKnownFileType = wrapper.framework; name = SenTestingKit.framework; path = Library/Frameworks/SenTestingKit.framework; sourceTree = DEVELOPER_DIR; };
		49ED10FE15917A890092CF9D /* NSString+Additions.h */ = {isa = PBXFileReference; lastKnownFileType = sourcecode.c.h; name = "NSString+Additions.h"; path = "src/NSString+Additions.h"; sourceTree = SOURCE_ROOT; };
		49ED10FF15917A890092CF9D /* NSString+Additions.m */ = {isa = PBXFileReference; lastKnownFileType = sourcecode.c.objc; name = "NSString+Additions.m"; path = "src/NSString+Additions.m"; sourceTree = SOURCE_ROOT; };
		49ED110015917A9E0092CF9D /* AppDelegate.h */ = {isa = PBXFileReference; lastKnownFileType = sourcecode.c.h; name = AppDelegate.h; path = src/AppDelegate.h; sourceTree = SOURCE_ROOT; };
		49ED110115917A9E0092CF9D /* AppDelegate.m */ = {isa = PBXFileReference; lastKnownFileType = sourcecode.c.objc; name = AppDelegate.m; path = src/AppDelegate.m; sourceTree = SOURCE_ROOT; };
		49ED110215917A9E0092CF9D /* ViewController.h */ = {isa = PBXFileReference; lastKnownFileType = sourcecode.c.h; name = ViewController.h; path = src/ViewController.h; sourceTree = SOURCE_ROOT; };
		49ED110315917A9E0092CF9D /* ViewController.m */ = {isa = PBXFileReference; fileEncoding = 4; lastKnownFileType = sourcecode.c.objc; name = ViewController.m; path = src/ViewController.m; sourceTree = SOURCE_ROOT; };
		49ED110615917B080092CF9D /* en */ = {isa = PBXFileReference; lastKnownFileType = file.storyboard; name = en; path = src/en.lproj/MainStoryboard.storyboard; sourceTree = SOURCE_ROOT; };
		49ED110815917B240092CF9D /* DiscoverBook-Info.plist */ = {isa = PBXFileReference; fileEncoding = 4; lastKnownFileType = text.plist.xml; name = "DiscoverBook-Info.plist"; path = "src/DiscoverBook-Info.plist"; sourceTree = SOURCE_ROOT; };
		49ED110915917B240092CF9D /* DiscoverBook-Prefix.pch */ = {isa = PBXFileReference; lastKnownFileType = sourcecode.c.h; name = "DiscoverBook-Prefix.pch"; path = "src/DiscoverBook-Prefix.pch"; sourceTree = SOURCE_ROOT; };
		49ED110A15917B240092CF9D /* main.m */ = {isa = PBXFileReference; lastKnownFileType = sourcecode.c.objc; name = main.m; path = src/main.m; sourceTree = SOURCE_ROOT; };
		49ED110D15917B410092CF9D /* en */ = {isa = PBXFileReference; lastKnownFileType = text.plist.strings; name = en; path = src/en.lproj/InfoPlist.strings; sourceTree = SOURCE_ROOT; };
/* End PBXFileReference section */

/* Begin PBXFrameworksBuildPhase section */
		49A5FC5D159C7B3A0092C640 /* Frameworks */ = {
			isa = PBXFrameworksBuildPhase;
			buildActionMask = 2147483647;
			files = (
				49A5FC74159C7BC30092C640 /* libKiwi.a in Frameworks */,
				49A5FC62159C7B3A0092C640 /* SenTestingKit.framework in Frameworks */,
				49A5FC63159C7B3A0092C640 /* UIKit.framework in Frameworks */,
				49A5FC64159C7B3A0092C640 /* Foundation.framework in Frameworks */,
			);
			runOnlyForDeploymentPostprocessing = 0;
		};
		49ED109F159072A30092CF9D /* Frameworks */ = {
			isa = PBXFrameworksBuildPhase;
			buildActionMask = 2147483647;
			files = (
				49A5FC32159C76870092C640 /* QuartzCore.framework in Frameworks */,
				49ED10ED15916C4B0092CF9D /* MobileCoreServices.framework in Frameworks */,
				49ED10EB15916C3D0092CF9D /* SystemConfiguration.framework in Frameworks */,
				49ED10E915916C360092CF9D /* Security.framework in Frameworks */,
				49ED10E715916C2E0092CF9D /* CFNetwork.framework in Frameworks */,
				49ED10E515916C220092CF9D /* libz.dylib in Frameworks */,
				49ED10E315916C180092CF9D /* libxml2.dylib in Frameworks */,
				49ED10E115916C050092CF9D /* libDoubanAPIEngine.a in Frameworks */,
				49ED10A7159072A30092CF9D /* UIKit.framework in Frameworks */,
				49ED10A9159072A30092CF9D /* Foundation.framework in Frameworks */,
				49ED10AB159072A30092CF9D /* CoreGraphics.framework in Frameworks */,
			);
			runOnlyForDeploymentPostprocessing = 0;
		};
/* End PBXFrameworksBuildPhase section */

/* Begin PBXGroup section */
		4912EB88159C811D000D469C /* config */ = {
			isa = PBXGroup;
			children = (
				4912EB89159C8469000D469C /* Shared.xcconfig */,
				4912EB8B159C8486000D469C /* Debug.xcconfig */,
				4912EB8D159C84A3000D469C /* Release.xcconfig */,
				4912EBB2159C896C000D469C /* UnitTests.xcconfig */,
			);
			name = config;
			sourceTree = "<group>";
		};
		4912EBA4159C8745000D469C /* DCIntrospect */ = {
			isa = PBXGroup;
			children = (
				4912EBA5159C8745000D469C /* DCCrossHairView.h */,
				4912EBA6159C8745000D469C /* DCCrossHairView.m */,
				4912EBA7159C8745000D469C /* DCFrameView.h */,
				4912EBA8159C8745000D469C /* DCFrameView.m */,
				4912EBA9159C8745000D469C /* DCIntrospect.h */,
				4912EBAA159C8745000D469C /* DCIntrospect.m */,
				4912EBAB159C8745000D469C /* DCIntrospectSettings.h */,
				4912EBAC159C8745000D469C /* DCStatusBarOverlay.h */,
				4912EBAD159C8745000D469C /* DCStatusBarOverlay.m */,
			);
			name = DCIntrospect;
			path = ../lib/DCIntrospect/DCIntrospect;
			sourceTree = "<group>";
		};
		49703E9B159856B3004CA5E9 /* Douban */ = {
			isa = PBXGroup;
			children = (
				49703E9C15985760004CA5E9 /* DOUOAuthStore+Additions.h */,
				49703E9D15985760004CA5E9 /* DOUOAuthStore+Additions.m */,
				49703EAC15985AF7004CA5E9 /* DOUService+Additions.h */,
				49703EAD15985AF7004CA5E9 /* DOUService+Additions.m */,
			);
			name = Douban;
			sourceTree = "<group>";
		};
		49A5FC33159C76A80092C640 /* managers */ = {
			isa = PBXGroup;
			children = (
				49A5FC37159C76ED0092C640 /* IntrospectManager.h */,
				49A5FC38159C76ED0092C640 /* IntrospectManager.m */,
			);
			name = managers;
			sourceTree = "<group>";
		};
		49A5FC4A159C7A4C0092C640 /* Products */ = {
			isa = PBXGroup;
			children = (
				49A5FC55159C7A4C0092C640 /* libKiwi.a */,
				49A5FC57159C7A4C0092C640 /* libKiwi-OSX.a */,
				49A5FC59159C7A4C0092C640 /* KiwiTests.octest */,
				49A5FC5B159C7A4C0092C640 /* KiwiExamples.octest */,
			);
			name = Products;
			sourceTree = "<group>";
		};
		49A5FC65159C7B3A0092C640 /* test */ = {
			isa = PBXGroup;
			children = (
				4912EB86159C8047000D469C /* MathSpec.m */,
				49A5FC66159C7B3A0092C640 /* Supporting Files */,
			);
			name = test;
			path = UnitTests;
			sourceTree = "<group>";
		};
		49A5FC66159C7B3A0092C640 /* Supporting Files */ = {
			isa = PBXGroup;
			children = (
				493BB48E159C7EAC00E99887 /* InfoPlist.strings */,
				493BB48B159C7EA600E99887 /* UnitTests-Info.plist */,
				493BB48C159C7EA600E99887 /* UnitTests-Prefix.pch */,
			);
			name = "Supporting Files";
			sourceTree = "<group>";
		};
		49BCF6A81592BD70005DD14E /* controllers */ = {
			isa = PBXGroup;
			children = (
				49ED110215917A9E0092CF9D /* ViewController.h */,
				49ED110315917A9E0092CF9D /* ViewController.m */,
				49BCF6A91592BDC1005DD14E /* MyBookController.h */,
				49BCF6AA1592BDC1005DD14E /* MyBookController.m */,
			);
			name = controllers;
			sourceTree = "<group>";
		};
		49BCF6C01592C9FA005DD14E /* Foundation */ = {
			isa = PBXGroup;
			children = (
				49BCF6C11592CA22005DD14E /* NSArray+Additions.h */,
				49BCF6C21592CA22005DD14E /* NSArray+Additions.m */,
				49ED10FE15917A890092CF9D /* NSString+Additions.h */,
				49ED10FF15917A890092CF9D /* NSString+Additions.m */,
			);
			name = Foundation;
			sourceTree = "<group>";
		};
		49BCF6C515985451005DD14E /* domain */ = {
			isa = PBXGroup;
			children = (
				49A5FC34159C76E40092C640 /* User.h */,
				49A5FC35159C76E40092C640 /* User.m */,
			);
			name = domain;
			sourceTree = "<group>";
		};
		49ED1097159072A30092CF9D = {
			isa = PBXGroup;
			children = (
				49ED10AC159072A30092CF9D /* src */,
				49A5FC65159C7B3A0092C640 /* test */,
				4912EB88159C811D000D469C /* config */,
				49ED10D115916AE30092CF9D /* lib */,
				49ED10A5159072A30092CF9D /* Frameworks */,
				49ED10A3159072A30092CF9D /* Products */,
			);
			sourceTree = "<group>";
		};
		49ED10A3159072A30092CF9D /* Products */ = {
			isa = PBXGroup;
			children = (
				49ED10A2159072A30092CF9D /* DiscoverBook.app */,
				49A5FC61159C7B3A0092C640 /* UnitTests.octest */,
			);
			name = Products;
			sourceTree = "<group>";
		};
		49ED10A5159072A30092CF9D /* Frameworks */ = {
			isa = PBXGroup;
			children = (
				4998957515998E8A0048B5B3 /* QuartzCore.framework */,
				49ED10EE15916C5C0092CF9D /* SenTestingKit.framework */,
				49ED10EC15916C4B0092CF9D /* MobileCoreServices.framework */,
				49ED10EA15916C3D0092CF9D /* SystemConfiguration.framework */,
				49ED10E815916C360092CF9D /* Security.framework */,
				49ED10E615916C2E0092CF9D /* CFNetwork.framework */,
				49ED10E415916C220092CF9D /* libz.dylib */,
				49ED10E215916C180092CF9D /* libxml2.dylib */,
				49ED10A6159072A30092CF9D /* UIKit.framework */,
				49ED10A8159072A30092CF9D /* Foundation.framework */,
				49ED10AA159072A30092CF9D /* CoreGraphics.framework */,
			);
			name = Frameworks;
			sourceTree = "<group>";
		};
		49ED10AC159072A30092CF9D /* src */ = {
			isa = PBXGroup;
			children = (
				49A5FC33159C76A80092C640 /* managers */,
				49BCF6C515985451005DD14E /* domain */,
				49BCF6A81592BD70005DD14E /* controllers */,
				49ED10FA159171D20092CF9D /* additions */,
				49ED110015917A9E0092CF9D /* AppDelegate.h */,
				49ED110115917A9E0092CF9D /* AppDelegate.m */,
				49ED110515917B080092CF9D /* MainStoryboard.storyboard */,
				49ED10AD159072A30092CF9D /* Supporting Files */,
				49ED111015917D050092CFA4 /* views */,
			);
			name = src;
			path = DiscoverBook;
			sourceTree = "<group>";
		};
		49ED10AD159072A30092CF9D /* Supporting Files */ = {
			isa = PBXGroup;
			children = (
				49ED110815917B240092CF9D /* DiscoverBook-Info.plist */,
				49ED110915917B240092CF9D /* DiscoverBook-Prefix.pch */,
				49ED110C15917B410092CF9D /* InfoPlist.strings */,
				49ED110A15917B240092CF9D /* main.m */,
			);
			name = "Supporting Files";
			sourceTree = "<group>";
		};
		49ED10D115916AE30092CF9D /* lib */ = {
			isa = PBXGroup;
			children = (
				4912EBA4159C8745000D469C /* DCIntrospect */,
				49A5FC49159C7A4C0092C640 /* Kiwi.xcodeproj */,
				49ED10D315916B150092CF9D /* DoubanAPIEngine.xcodeproj */,
			);
			name = lib;
			sourceTree = "<group>";
		};
		49ED10D415916B150092CF9D /* Products */ = {
			isa = PBXGroup;
			children = (
				49ED10DC15916B160092CF9D /* libDoubanAPIEngine.a */,
				49ED10DE15916B160092CF9D /* DoubanAPIEngineTests.octest */,
			);
			name = Products;
			sourceTree = "<group>";
		};
		49ED10FA159171D20092CF9D /* additions */ = {
			isa = PBXGroup;
			children = (
				49703E9B159856B3004CA5E9 /* Douban */,
				49BCF6C41592F0F5005DD14E /* Macros.h */,
				49BCF6C01592C9FA005DD14E /* Foundation */,
			);
			name = additions;
			sourceTree = "<group>";
		};
		49ED111015917D050092CFA4 /* views */ = {
			isa = PBXGroup;
			children = (
			);
			name = views;
			sourceTree = "<group>";
		};
/* End PBXGroup section */

/* Begin PBXNativeTarget section */
		49A5FC60159C7B3A0092C640 /* UnitTests */ = {
			isa = PBXNativeTarget;
			buildConfigurationList = 49A5FC6F159C7B3A0092C640 /* Build configuration list for PBXNativeTarget "UnitTests" */;
			buildPhases = (
				49A5FC5C159C7B3A0092C640 /* Sources */,
				49A5FC5D159C7B3A0092C640 /* Frameworks */,
				49A5FC5E159C7B3A0092C640 /* Resources */,
				49A5FC5F159C7B3A0092C640 /* ShellScript */,
			);
			buildRules = (
			);
			dependencies = (
			);
			name = UnitTests;
			productName = UnitTests;
			productReference = 49A5FC61159C7B3A0092C640 /* UnitTests.octest */;
			productType = "com.apple.product-type.bundle";
		};
		49ED10A1159072A30092CF9D /* DiscoverBook */ = {
			isa = PBXNativeTarget;
			buildConfigurationList = 49ED10C0159072A30092CF9D /* Build configuration list for PBXNativeTarget "DiscoverBook" */;
			buildPhases = (
				49ED109E159072A30092CF9D /* Sources */,
				49ED109F159072A30092CF9D /* Frameworks */,
				49ED10A0159072A30092CF9D /* Resources */,
			);
			buildRules = (
			);
			dependencies = (
				49ED10E015916BEE0092CF9D /* PBXTargetDependency */,
			);
			name = DiscoverBook;
			productName = DiscoverBook;
			productReference = 49ED10A2159072A30092CF9D /* DiscoverBook.app */;
			productType = "com.apple.product-type.application";
		};
/* End PBXNativeTarget section */

/* Begin PBXProject section */
		49ED1099159072A30092CF9D /* Project object */ = {
			isa = PBXProject;
			attributes = {
				LastUpgradeCheck = 0430;
				ORGANIZATIONNAME = ThoughtWorks;
			};
			buildConfigurationList = 49ED109C159072A30092CF9D /* Build configuration list for PBXProject "DiscoverBook" */;
			compatibilityVersion = "Xcode 3.2";
			developmentRegion = English;
			hasScannedForEncodings = 0;
			knownRegions = (
				en,
			);
			mainGroup = 49ED1097159072A30092CF9D;
			productRefGroup = 49ED10A3159072A30092CF9D /* Products */;
			projectDirPath = "";
			projectReferences = (
				{
					ProductGroup = 49ED10D415916B150092CF9D /* Products */;
					ProjectRef = 49ED10D315916B150092CF9D /* DoubanAPIEngine.xcodeproj */;
				},
				{
					ProductGroup = 49A5FC4A159C7A4C0092C640 /* Products */;
					ProjectRef = 49A5FC49159C7A4C0092C640 /* Kiwi.xcodeproj */;
				},
			);
			projectRoot = "";
			targets = (
				49ED10A1159072A30092CF9D /* DiscoverBook */,
				49A5FC60159C7B3A0092C640 /* UnitTests */,
			);
		};
/* End PBXProject section */

/* Begin PBXReferenceProxy section */
		49A5FC55159C7A4C0092C640 /* libKiwi.a */ = {
			isa = PBXReferenceProxy;
			fileType = archive.ar;
			path = libKiwi.a;
			remoteRef = 49A5FC54159C7A4C0092C640 /* PBXContainerItemProxy */;
			sourceTree = BUILT_PRODUCTS_DIR;
		};
		49A5FC57159C7A4C0092C640 /* libKiwi-OSX.a */ = {
			isa = PBXReferenceProxy;
			fileType = archive.ar;
			path = "libKiwi-OSX.a";
			remoteRef = 49A5FC56159C7A4C0092C640 /* PBXContainerItemProxy */;
			sourceTree = BUILT_PRODUCTS_DIR;
		};
		49A5FC59159C7A4C0092C640 /* KiwiTests.octest */ = {
			isa = PBXReferenceProxy;
			fileType = wrapper.cfbundle;
			path = KiwiTests.octest;
			remoteRef = 49A5FC58159C7A4C0092C640 /* PBXContainerItemProxy */;
			sourceTree = BUILT_PRODUCTS_DIR;
		};
		49A5FC5B159C7A4C0092C640 /* KiwiExamples.octest */ = {
			isa = PBXReferenceProxy;
			fileType = wrapper.cfbundle;
			path = KiwiExamples.octest;
			remoteRef = 49A5FC5A159C7A4C0092C640 /* PBXContainerItemProxy */;
			sourceTree = BUILT_PRODUCTS_DIR;
		};
		49ED10DC15916B160092CF9D /* libDoubanAPIEngine.a */ = {
			isa = PBXReferenceProxy;
			fileType = archive.ar;
			path = libDoubanAPIEngine.a;
			remoteRef = 49ED10DB15916B160092CF9D /* PBXContainerItemProxy */;
			sourceTree = BUILT_PRODUCTS_DIR;
		};
		49ED10DE15916B160092CF9D /* DoubanAPIEngineTests.octest */ = {
			isa = PBXReferenceProxy;
			fileType = wrapper.cfbundle;
			path = DoubanAPIEngineTests.octest;
			remoteRef = 49ED10DD15916B160092CF9D /* PBXContainerItemProxy */;
			sourceTree = BUILT_PRODUCTS_DIR;
		};
/* End PBXReferenceProxy section */

/* Begin PBXResourcesBuildPhase section */
		49A5FC5E159C7B3A0092C640 /* Resources */ = {
			isa = PBXResourcesBuildPhase;
			buildActionMask = 2147483647;
			files = (
				493BB48D159C7EA600E99887 /* UnitTests-Info.plist in Resources */,
				493BB490159C7EAC00E99887 /* InfoPlist.strings in Resources */,
				4912EBB3159C896C000D469C /* UnitTests.xcconfig in Resources */,
			);
			runOnlyForDeploymentPostprocessing = 0;
		};
		49ED10A0159072A30092CF9D /* Resources */ = {
			isa = PBXResourcesBuildPhase;
			buildActionMask = 2147483647;
			files = (
				49ED110715917B080092CF9D /* MainStoryboard.storyboard in Resources */,
				49ED110E15917B410092CF9D /* InfoPlist.strings in Resources */,
				4912EB8A159C8469000D469C /* Shared.xcconfig in Resources */,
				4912EB8C159C8486000D469C /* Debug.xcconfig in Resources */,
				4912EB8E159C84A3000D469C /* Release.xcconfig in Resources */,
			);
			runOnlyForDeploymentPostprocessing = 0;
		};
/* End PBXResourcesBuildPhase section */

/* Begin PBXShellScriptBuildPhase section */
		49A5FC5F159C7B3A0092C640 /* ShellScript */ = {
			isa = PBXShellScriptBuildPhase;
			buildActionMask = 2147483647;
			files = (
			);
			inputPaths = (
			);
			outputPaths = (
			);
			runOnlyForDeploymentPostprocessing = 0;
			shellPath = /bin/sh;
			shellScript = "# Run the unit tests in this test bundle.\n\"${SYSTEM_DEVELOPER_DIR}/Tools/RunUnitTests\"\n";
		};
/* End PBXShellScriptBuildPhase section */

/* Begin PBXSourcesBuildPhase section */
		49A5FC5C159C7B3A0092C640 /* Sources */ = {
			isa = PBXSourcesBuildPhase;
			buildActionMask = 2147483647;
			files = (
				4912EB87159C8047000D469C /* MathSpec.m in Sources */,
			);
			runOnlyForDeploymentPostprocessing = 0;
		};
		49ED109E159072A30092CF9D /* Sources */ = {
			isa = PBXSourcesBuildPhase;
			buildActionMask = 2147483647;
			files = (
				49ED110415917AEE0092CF9D /* ViewController.m in Sources */,
				49ED110F15917CFA0092CF9D /* AppDelegate.m in Sources */,
				49ED111015917D050092CF9D /* main.m in Sources */,
				493FC5A11591A9B900652D98 /* NSString+Additions.m in Sources */,
				49BCF6AB1592BDC1005DD14E /* MyBookController.m in Sources */,
				49BCF6C31592CA22005DD14E /* NSArray+Additions.m in Sources */,
				49703E9E15985760004CA5E9 /* DOUOAuthStore+Additions.m in Sources */,
				49703EAE15985AF7004CA5E9 /* DOUService+Additions.m in Sources */,
				49A5FC36159C76E40092C640 /* User.m in Sources */,
				49A5FC39159C76ED0092C640 /* IntrospectManager.m in Sources */,
				4912EBAE159C8745000D469C /* DCCrossHairView.m in Sources */,
				4912EBAF159C8745000D469C /* DCFrameView.m in Sources */,
				4912EBB0159C8745000D469C /* DCIntrospect.m in Sources */,
				4912EBB1159C8745000D469C /* DCStatusBarOverlay.m in Sources */,
			);
			runOnlyForDeploymentPostprocessing = 0;
		};
/* End PBXSourcesBuildPhase section */

/* Begin PBXTargetDependency section */
		49ED10E015916BEE0092CF9D /* PBXTargetDependency */ = {
			isa = PBXTargetDependency;
			name = DoubanAPIEngine;
			targetProxy = 49ED10DF15916BEE0092CF9D /* PBXContainerItemProxy */;
		};
/* End PBXTargetDependency section */

/* Begin PBXVariantGroup section */
		493BB48E159C7EAC00E99887 /* InfoPlist.strings */ = {
			isa = PBXVariantGroup;
			children = (
				493BB48F159C7EAC00E99887 /* en */,
			);
			name = InfoPlist.strings;
			sourceTree = "<group>";
		};
		49ED110515917B080092CF9D /* MainStoryboard.storyboard */ = {
			isa = PBXVariantGroup;
			children = (
				49ED110615917B080092CF9D /* en */,
			);
			name = MainStoryboard.storyboard;
			sourceTree = "<group>";
		};
		49ED110C15917B410092CF9D /* InfoPlist.strings */ = {
			isa = PBXVariantGroup;
			children = (
				49ED110D15917B410092CF9D /* en */,
			);
			name = InfoPlist.strings;
			sourceTree = "<group>";
		};
/* End PBXVariantGroup section */

/* Begin XCBuildConfiguration section */
		49A5FC70159C7B3A0092C640 /* Debug */ = {
			isa = XCBuildConfiguration;
			baseConfigurationReference = 4912EBB2159C896C000D469C /* UnitTests.xcconfig */;
			buildSettings = {
				FRAMEWORK_SEARCH_PATHS = (
					"$(SDKROOT)/Developer/Library/Frameworks",
					"$(DEVELOPER_LIBRARY_DIR)/Frameworks",
				);
				GCC_PRECOMPILE_PREFIX_HEADER = YES;
				GCC_PREFIX_HEADER = "test/UnitTests-Prefix.pch";
				INFOPLIST_FILE = "test/UnitTests-Info.plist";
				OTHER_LDFLAGS = "-all_load";
				PRODUCT_NAME = "$(TARGET_NAME)";
				USER_HEADER_SEARCH_PATHS = "\"$(SRCROOT)/../lib/Kiwi/Kiwi\"";
				WRAPPER_EXTENSION = octest;
			};
			name = Debug;
		};
		49A5FC71159C7B3A0092C640 /* Release */ = {
			isa = XCBuildConfiguration;
			baseConfigurationReference = 4912EBB2159C896C000D469C /* UnitTests.xcconfig */;
			buildSettings = {
				FRAMEWORK_SEARCH_PATHS = (
					"$(SDKROOT)/Developer/Library/Frameworks",
					"$(DEVELOPER_LIBRARY_DIR)/Frameworks",
				);
				GCC_PRECOMPILE_PREFIX_HEADER = YES;
				GCC_PREFIX_HEADER = "test/UnitTests-Prefix.pch";
				INFOPLIST_FILE = "test/UnitTests-Info.plist";
				OTHER_LDFLAGS = "-all_load";
				PRODUCT_NAME = "$(TARGET_NAME)";
				USER_HEADER_SEARCH_PATHS = "\"$(SRCROOT)/../lib/Kiwi/Kiwi\"";
				WRAPPER_EXTENSION = octest;
			};
			name = Release;
		};
		49ED10BE159072A30092CF9D /* Debug */ = {
			isa = XCBuildConfiguration;
			baseConfigurationReference = 4912EB8B159C8486000D469C /* Debug.xcconfig */;
			buildSettings = {
				ALWAYS_SEARCH_USER_PATHS = NO;
				ARCHS = "$(ARCHS_STANDARD_32_BIT)";
				CLANG_ENABLE_OBJC_ARC = YES;
				"CODE_SIGN_IDENTITY[sdk=iphoneos*]" = "iPhone Developer";
				COPY_PHASE_STRIP = NO;
				GCC_C_LANGUAGE_STANDARD = gnu99;
				GCC_DYNAMIC_NO_PIC = NO;
				GCC_OPTIMIZATION_LEVEL = 0;
				GCC_PREPROCESSOR_DEFINITIONS = (
					"DEBUG=1",
					"$(inherited)",
				);
				GCC_SYMBOLS_PRIVATE_EXTERN = NO;
				GCC_VERSION = com.apple.compilers.llvm.clang.1_0;
				GCC_WARN_ABOUT_RETURN_TYPE = YES;
				GCC_WARN_UNINITIALIZED_AUTOS = YES;
				GCC_WARN_UNUSED_VARIABLE = YES;
				IPHONEOS_DEPLOYMENT_TARGET = 5.1;
				SDKROOT = iphoneos;
			};
			name = Debug;
		};
		49ED10BF159072A30092CF9D /* Release */ = {
			isa = XCBuildConfiguration;
			baseConfigurationReference = 4912EB8D159C84A3000D469C /* Release.xcconfig */;
			buildSettings = {
				ALWAYS_SEARCH_USER_PATHS = NO;
				ARCHS = "$(ARCHS_STANDARD_32_BIT)";
				CLANG_ENABLE_OBJC_ARC = YES;
				"CODE_SIGN_IDENTITY[sdk=iphoneos*]" = "iPhone Developer";
				COPY_PHASE_STRIP = YES;
				GCC_C_LANGUAGE_STANDARD = gnu99;
				GCC_VERSION = com.apple.compilers.llvm.clang.1_0;
				GCC_WARN_ABOUT_RETURN_TYPE = YES;
				GCC_WARN_UNINITIALIZED_AUTOS = YES;
				GCC_WARN_UNUSED_VARIABLE = YES;
				IPHONEOS_DEPLOYMENT_TARGET = 5.1;
				OTHER_CFLAGS = "-DNS_BLOCK_ASSERTIONS=1";
				SDKROOT = iphoneos;
				VALIDATE_PRODUCT = YES;
			};
			name = Release;
		};
		49ED10C1159072A30092CF9D /* Debug */ = {
			isa = XCBuildConfiguration;
			baseConfigurationReference = 4912EB8B159C8486000D469C /* Debug.xcconfig */;
			buildSettings = {
				FRAMEWORK_SEARCH_PATHS = (
					"$(inherited)",
					"\"$(SYSTEM_APPS_DIR)/Xcode.app/Contents/Developer/Library/Frameworks\"",
				);
				GCC_PRECOMPILE_PREFIX_HEADER = YES;
				GCC_PREFIX_HEADER = "src/DiscoverBook-Prefix.pch";
				HEADER_SEARCH_PATHS = (
					"DoubanAPIEngine/OtherSources/**",
					"DoubanAPIEngine/Sources/**",
					"${SDK_DIR}/usr/include/libxml2",
				);
				INFOPLIST_FILE = "src/DiscoverBook-Info.plist";
				OTHER_LDFLAGS = (
					"-all_load",
					"-ObjC",
				);
				PRODUCT_NAME = "$(TARGET_NAME)";
				USER_HEADER_SEARCH_PATHS = "\"${PROJECT_DIR}/../lib/douban-objc-client/DoubanAPIEngine\"/**";
				WRAPPER_EXTENSION = app;
			};
			name = Debug;
		};
		49ED10C2159072A30092CF9D /* Release */ = {
			isa = XCBuildConfiguration;
			baseConfigurationReference = 4912EB8D159C84A3000D469C /* Release.xcconfig */;
			buildSettings = {
				FRAMEWORK_SEARCH_PATHS = (
					"$(inherited)",
					"\"$(SYSTEM_APPS_DIR)/Xcode.app/Contents/Developer/Library/Frameworks\"",
				);
				GCC_PRECOMPILE_PREFIX_HEADER = YES;
				GCC_PREFIX_HEADER = "src/DiscoverBook-Prefix.pch";
				HEADER_SEARCH_PATHS = (
					"DoubanAPIEngine/OtherSources/**",
					"DoubanAPIEngine/Sources/**",
					"${SDK_DIR}/usr/include/libxml2",
				);
				INFOPLIST_FILE = "src/DiscoverBook-Info.plist";
				OTHER_LDFLAGS = (
					"-all_load",
					"-ObjC",
				);
				PRODUCT_NAME = "$(TARGET_NAME)";
				USER_HEADER_SEARCH_PATHS = "\"${PROJECT_DIR}/../lib/douban-objc-client/DoubanAPIEngine\"/**";
				WRAPPER_EXTENSION = app;
			};
			name = Release;
		};
/* End XCBuildConfiguration section */

/* Begin XCConfigurationList section */
		49A5FC6F159C7B3A0092C640 /* Build configuration list for PBXNativeTarget "UnitTests" */ = {
			isa = XCConfigurationList;
			buildConfigurations = (
				49A5FC70159C7B3A0092C640 /* Debug */,
				49A5FC71159C7B3A0092C640 /* Release */,
			);
			defaultConfigurationIsVisible = 0;
			defaultConfigurationName = Release;
		};
		49ED109C159072A30092CF9D /* Build configuration list for PBXProject "DiscoverBook" */ = {
			isa = XCConfigurationList;
			buildConfigurations = (
				49ED10BE159072A30092CF9D /* Debug */,
				49ED10BF159072A30092CF9D /* Release */,
			);
			defaultConfigurationIsVisible = 0;
			defaultConfigurationName = Release;
		};
		49ED10C0159072A30092CF9D /* Build configuration list for PBXNativeTarget "DiscoverBook" */ = {
			isa = XCConfigurationList;
			buildConfigurations = (
				49ED10C1159072A30092CF9D /* Debug */,
				49ED10C2159072A30092CF9D /* Release */,
			);
			defaultConfigurationIsVisible = 0;
			defaultConfigurationName = Release;
		};
/* End XCConfigurationList section */
	};
	rootObject = 49ED1099159072A30092CF9D /* Project object */;
}
